// !$*UTF8*$!
{
	archiveVersion = 1;
	classes = {
	};
	objectVersion = 56;
	objects = {

/* Begin PBXBuildFile section */
		346CF2862A48088700F46EAB /* AppDelegate.swift in Sources */ = {isa = PBXBuildFile; fileRef = 346CF2852A48088700F46EAB /* AppDelegate.swift */; };
		346CF2882A48088700F46EAB /* SceneDelegate.swift in Sources */ = {isa = PBXBuildFile; fileRef = 346CF2872A48088700F46EAB /* SceneDelegate.swift */; };
		346CF28B2A48088700F46EAB /* LaunchScreen.storyboard in Resources */ = {isa = PBXBuildFile; fileRef = 346CF2892A48088700F46EAB /* LaunchScreen.storyboard */; };
		346CF28E2A48088700F46EAB /* Main.storyboard in Resources */ = {isa = PBXBuildFile; fileRef = 346CF28C2A48088700F46EAB /* Main.storyboard */; };
		346CF2972A48088700F46EAB /* AppDelegate.swift in Sources */ = {isa = PBXBuildFile; fileRef = 346CF2962A48088700F46EAB /* AppDelegate.swift */; };
		346CF29A2A48088700F46EAB /* Main.storyboard in Resources */ = {isa = PBXBuildFile; fileRef = 346CF2982A48088700F46EAB /* Main.storyboard */; };
		346CF2A22A48088700F46EAB /* Soupcan Extension.appex in Embed Foundation Extensions */ = {isa = PBXBuildFile; fileRef = 346CF2A12A48088700F46EAB /* Soupcan Extension.appex */; settings = {ATTRIBUTES = (RemoveHeadersOnCopy, ); }; };
		346CF2AC2A48088700F46EAB /* Soupcan Extension.appex in Embed Foundation Extensions */ = {isa = PBXBuildFile; fileRef = 346CF2AB2A48088700F46EAB /* Soupcan Extension.appex */; settings = {ATTRIBUTES = (RemoveHeadersOnCopy, ); }; };
		346CF2B22A48088700F46EAB /* Main.html in Resources */ = {isa = PBXBuildFile; fileRef = 346CF2752A48088600F46EAB /* Main.html */; };
		346CF2B32A48088700F46EAB /* Main.html in Resources */ = {isa = PBXBuildFile; fileRef = 346CF2752A48088600F46EAB /* Main.html */; };
		346CF2B42A48088700F46EAB /* Icon.png in Resources */ = {isa = PBXBuildFile; fileRef = 346CF2772A48088600F46EAB /* Icon.png */; };
		346CF2B52A48088700F46EAB /* Icon.png in Resources */ = {isa = PBXBuildFile; fileRef = 346CF2772A48088600F46EAB /* Icon.png */; };
		346CF2B62A48088700F46EAB /* Style.css in Resources */ = {isa = PBXBuildFile; fileRef = 346CF2782A48088600F46EAB /* Style.css */; };
		346CF2B72A48088700F46EAB /* Style.css in Resources */ = {isa = PBXBuildFile; fileRef = 346CF2782A48088600F46EAB /* Style.css */; };
		346CF2B82A48088700F46EAB /* Script.js in Resources */ = {isa = PBXBuildFile; fileRef = 346CF2792A48088600F46EAB /* Script.js */; };
		346CF2B92A48088700F46EAB /* Script.js in Resources */ = {isa = PBXBuildFile; fileRef = 346CF2792A48088600F46EAB /* Script.js */; };
		346CF2BA2A48088700F46EAB /* ViewController.swift in Sources */ = {isa = PBXBuildFile; fileRef = 346CF27A2A48088600F46EAB /* ViewController.swift */; };
		346CF2BB2A48088700F46EAB /* ViewController.swift in Sources */ = {isa = PBXBuildFile; fileRef = 346CF27A2A48088600F46EAB /* ViewController.swift */; };
		346CF2BC2A48088700F46EAB /* Assets.xcassets in Resources */ = {isa = PBXBuildFile; fileRef = 346CF27B2A48088700F46EAB /* Assets.xcassets */; };
		346CF2BD2A48088700F46EAB /* Assets.xcassets in Resources */ = {isa = PBXBuildFile; fileRef = 346CF27B2A48088700F46EAB /* Assets.xcassets */; };
		346CF2BE2A48088700F46EAB /* SafariWebExtensionHandler.swift in Sources */ = {isa = PBXBuildFile; fileRef = 346CF27D2A48088700F46EAB /* SafariWebExtensionHandler.swift */; };
		346CF2BF2A48088700F46EAB /* SafariWebExtensionHandler.swift in Sources */ = {isa = PBXBuildFile; fileRef = 346CF27D2A48088700F46EAB /* SafariWebExtensionHandler.swift */; };
		346CF2F52A48088700F46EAB /* bootstrap.min.css in Resources */ = {isa = PBXBuildFile; fileRef = 346CF2D12A48088700F46EAB /* bootstrap.min.css */; };
		346CF2F62A48088700F46EAB /* icon16.png in Resources */ = {isa = PBXBuildFile; fileRef = 346CF2D22A48088700F46EAB /* icon16.png */; };
		346CF2F72A48088700F46EAB /* database.js in Resources */ = {isa = PBXBuildFile; fileRef = 346CF2D32A48088700F46EAB /* database.js */; };
		346CF2F82A48088700F46EAB /* moderation.js in Resources */ = {isa = PBXBuildFile; fileRef = 346CF2D42A48088700F46EAB /* moderation.js */; };
		346CF2F92A48088700F46EAB /* manifest-firefox.json in Resources */ = {isa = PBXBuildFile; fileRef = 346CF2D52A48088700F46EAB /* manifest-firefox.json */; };
		346CF2FA2A48088700F46EAB /* icon.png in Resources */ = {isa = PBXBuildFile; fileRef = 346CF2D62A48088700F46EAB /* icon.png */; };
		346CF2FB2A48088700F46EAB /* util.js in Resources */ = {isa = PBXBuildFile; fileRef = 346CF2D72A48088700F46EAB /* util.js */; };
		346CF2FC2A48088700F46EAB /* soupcan.css in Resources */ = {isa = PBXBuildFile; fileRef = 346CF2D82A48088700F46EAB /* soupcan.css */; };
		346CF2FD2A48088700F46EAB /* icon400.png in Resources */ = {isa = PBXBuildFile; fileRef = 346CF2D92A48088700F46EAB /* icon400.png */; };
		346CF2FE2A48088700F46EAB /* start.js in Resources */ = {isa = PBXBuildFile; fileRef = 346CF2DA2A48088700F46EAB /* start.js */; };
		346CF2FF2A48088700F46EAB /* media-matching.js in Resources */ = {isa = PBXBuildFile; fileRef = 346CF2DB2A48088700F46EAB /* media-matching.js */; };
		346CF3002A48088700F46EAB /* background.js in Resources */ = {isa = PBXBuildFile; fileRef = 346CF2DC2A48088700F46EAB /* background.js */; };
		346CF3012A48088700F46EAB /* dist in Resources */ = {isa = PBXBuildFile; fileRef = 346CF2DD2A48088700F46EAB /* dist */; };
		346CF3022A48088700F46EAB /* awesome-notifications in Resources */ = {isa = PBXBuildFile; fileRef = 346CF2DE2A48088700F46EAB /* awesome-notifications */; };
		346CF3032A48088700F46EAB /* images in Resources */ = {isa = PBXBuildFile; fileRef = 346CF2DF2A48088700F46EAB /* images */; };
		346CF3042A48088700F46EAB /* icon48.png in Resources */ = {isa = PBXBuildFile; fileRef = 346CF2E02A48088700F46EAB /* icon48.png */; };
		346CF3052A48088700F46EAB /* options.js in Resources */ = {isa = PBXBuildFile; fileRef = 346CF2E12A48088700F46EAB /* options.js */; };
		346CF3062A48088700F46EAB /* moderation.html in Resources */ = {isa = PBXBuildFile; fileRef = 346CF2E22A48088700F46EAB /* moderation.html */; };
		346CF3072A48088700F46EAB /* bootstrap.bundle.min.js in Resources */ = {isa = PBXBuildFile; fileRef = 346CF2E32A48088700F46EAB /* bootstrap.bundle.min.js */; };
		346CF3082A48088700F46EAB /* start.html in Resources */ = {isa = PBXBuildFile; fileRef = 346CF2E42A48088700F46EAB /* start.html */; };
		346CF3092A48088700F46EAB /* theme.js in Resources */ = {isa = PBXBuildFile; fileRef = 346CF2E52A48088700F46EAB /* theme.js */; };
		346CF30A2A48088700F46EAB /* shinigami_eyes_data2.js in Resources */ = {isa = PBXBuildFile; fileRef = 346CF2E62A48088700F46EAB /* shinigami_eyes_data2.js */; };
		346CF30B2A48088700F46EAB /* icon128.png in Resources */ = {isa = PBXBuildFile; fileRef = 346CF2E72A48088700F46EAB /* icon128.png */; };
		346CF30C2A48088700F46EAB /* fetch-progress.js in Resources */ = {isa = PBXBuildFile; fileRef = 346CF2E82A48088700F46EAB /* fetch-progress.js */; };
		346CF30D2A48088700F46EAB /* shinigami_eyes_data1.js in Resources */ = {isa = PBXBuildFile; fileRef = 346CF2E92A48088700F46EAB /* shinigami_eyes_data1.js */; };
		346CF30E2A48088700F46EAB /* manifest.json in Resources */ = {isa = PBXBuildFile; fileRef = 346CF2EA2A48088700F46EAB /* manifest.json */; };
		346CF30F2A48088700F46EAB /* start.css in Resources */ = {isa = PBXBuildFile; fileRef = 346CF2EB2A48088700F46EAB /* start.css */; };
		346CF3102A48088700F46EAB /* options.html in Resources */ = {isa = PBXBuildFile; fileRef = 346CF2EC2A48088700F46EAB /* options.html */; };
		346CF3112A48088700F46EAB /* soupcan.js in Resources */ = {isa = PBXBuildFile; fileRef = 346CF2ED2A48088700F46EAB /* soupcan.js */; };
		346CF3122A48088700F46EAB /* _locales in Resources */ = {isa = PBXBuildFile; fileRef = 346CF2EE2A48088700F46EAB /* _locales */; };
		346CF3132A48088700F46EAB /* shinigami.js in Resources */ = {isa = PBXBuildFile; fileRef = 346CF2EF2A48088700F46EAB /* shinigami.js */; };
		346CF3142A48088700F46EAB /* fonts in Resources */ = {isa = PBXBuildFile; fileRef = 346CF2F02A48088700F46EAB /* fonts */; };
		346CF3152A48088700F46EAB /* icon24.png in Resources */ = {isa = PBXBuildFile; fileRef = 346CF2F12A48088700F46EAB /* icon24.png */; };
		346CF3162A48088700F46EAB /* options.css in Resources */ = {isa = PBXBuildFile; fileRef = 346CF2F22A48088700F46EAB /* options.css */; };
		346CF3172A48088700F46EAB /* create_extension_packages.py in Resources */ = {isa = PBXBuildFile; fileRef = 346CF2F32A48088700F46EAB /* create_extension_packages.py */; };
		346CF3182A48088700F46EAB /* icon32.png in Resources */ = {isa = PBXBuildFile; fileRef = 346CF2F42A48088700F46EAB /* icon32.png */; };
		346CF3192A48088700F46EAB /* bootstrap.min.css in Resources */ = {isa = PBXBuildFile; fileRef = 346CF2D12A48088700F46EAB /* bootstrap.min.css */; };
		346CF31A2A48088700F46EAB /* icon16.png in Resources */ = {isa = PBXBuildFile; fileRef = 346CF2D22A48088700F46EAB /* icon16.png */; };
		346CF31B2A48088700F46EAB /* database.js in Resources */ = {isa = PBXBuildFile; fileRef = 346CF2D32A48088700F46EAB /* database.js */; };
		346CF31C2A48088700F46EAB /* moderation.js in Resources */ = {isa = PBXBuildFile; fileRef = 346CF2D42A48088700F46EAB /* moderation.js */; };
		346CF31D2A48088700F46EAB /* manifest-firefox.json in Resources */ = {isa = PBXBuildFile; fileRef = 346CF2D52A48088700F46EAB /* manifest-firefox.json */; };
		346CF31E2A48088700F46EAB /* icon.png in Resources */ = {isa = PBXBuildFile; fileRef = 346CF2D62A48088700F46EAB /* icon.png */; };
		346CF31F2A48088700F46EAB /* util.js in Resources */ = {isa = PBXBuildFile; fileRef = 346CF2D72A48088700F46EAB /* util.js */; };
		346CF3202A48088700F46EAB /* soupcan.css in Resources */ = {isa = PBXBuildFile; fileRef = 346CF2D82A48088700F46EAB /* soupcan.css */; };
		346CF3212A48088700F46EAB /* icon400.png in Resources */ = {isa = PBXBuildFile; fileRef = 346CF2D92A48088700F46EAB /* icon400.png */; };
		346CF3222A48088700F46EAB /* start.js in Resources */ = {isa = PBXBuildFile; fileRef = 346CF2DA2A48088700F46EAB /* start.js */; };
		346CF3232A48088700F46EAB /* media-matching.js in Resources */ = {isa = PBXBuildFile; fileRef = 346CF2DB2A48088700F46EAB /* media-matching.js */; };
		346CF3242A48088700F46EAB /* background.js in Resources */ = {isa = PBXBuildFile; fileRef = 346CF2DC2A48088700F46EAB /* background.js */; };
		346CF3252A48088700F46EAB /* dist in Resources */ = {isa = PBXBuildFile; fileRef = 346CF2DD2A48088700F46EAB /* dist */; };
		346CF3262A48088700F46EAB /* awesome-notifications in Resources */ = {isa = PBXBuildFile; fileRef = 346CF2DE2A48088700F46EAB /* awesome-notifications */; };
		346CF3272A48088700F46EAB /* images in Resources */ = {isa = PBXBuildFile; fileRef = 346CF2DF2A48088700F46EAB /* images */; };
		346CF3282A48088700F46EAB /* icon48.png in Resources */ = {isa = PBXBuildFile; fileRef = 346CF2E02A48088700F46EAB /* icon48.png */; };
		346CF3292A48088700F46EAB /* options.js in Resources */ = {isa = PBXBuildFile; fileRef = 346CF2E12A48088700F46EAB /* options.js */; };
		346CF32A2A48088700F46EAB /* moderation.html in Resources */ = {isa = PBXBuildFile; fileRef = 346CF2E22A48088700F46EAB /* moderation.html */; };
		346CF32B2A48088700F46EAB /* bootstrap.bundle.min.js in Resources */ = {isa = PBXBuildFile; fileRef = 346CF2E32A48088700F46EAB /* bootstrap.bundle.min.js */; };
		346CF32C2A48088700F46EAB /* start.html in Resources */ = {isa = PBXBuildFile; fileRef = 346CF2E42A48088700F46EAB /* start.html */; };
		346CF32D2A48088700F46EAB /* theme.js in Resources */ = {isa = PBXBuildFile; fileRef = 346CF2E52A48088700F46EAB /* theme.js */; };
		346CF32E2A48088700F46EAB /* shinigami_eyes_data2.js in Resources */ = {isa = PBXBuildFile; fileRef = 346CF2E62A48088700F46EAB /* shinigami_eyes_data2.js */; };
		346CF32F2A48088700F46EAB /* icon128.png in Resources */ = {isa = PBXBuildFile; fileRef = 346CF2E72A48088700F46EAB /* icon128.png */; };
		346CF3302A48088700F46EAB /* fetch-progress.js in Resources */ = {isa = PBXBuildFile; fileRef = 346CF2E82A48088700F46EAB /* fetch-progress.js */; };
		346CF3312A48088700F46EAB /* shinigami_eyes_data1.js in Resources */ = {isa = PBXBuildFile; fileRef = 346CF2E92A48088700F46EAB /* shinigami_eyes_data1.js */; };
		346CF3322A48088700F46EAB /* manifest.json in Resources */ = {isa = PBXBuildFile; fileRef = 346CF2EA2A48088700F46EAB /* manifest.json */; };
		346CF3332A48088700F46EAB /* start.css in Resources */ = {isa = PBXBuildFile; fileRef = 346CF2EB2A48088700F46EAB /* start.css */; };
		346CF3342A48088700F46EAB /* options.html in Resources */ = {isa = PBXBuildFile; fileRef = 346CF2EC2A48088700F46EAB /* options.html */; };
		346CF3352A48088700F46EAB /* soupcan.js in Resources */ = {isa = PBXBuildFile; fileRef = 346CF2ED2A48088700F46EAB /* soupcan.js */; };
		346CF3362A48088700F46EAB /* _locales in Resources */ = {isa = PBXBuildFile; fileRef = 346CF2EE2A48088700F46EAB /* _locales */; };
		346CF3372A48088700F46EAB /* shinigami.js in Resources */ = {isa = PBXBuildFile; fileRef = 346CF2EF2A48088700F46EAB /* shinigami.js */; };
		346CF3382A48088700F46EAB /* fonts in Resources */ = {isa = PBXBuildFile; fileRef = 346CF2F02A48088700F46EAB /* fonts */; };
		346CF3392A48088700F46EAB /* icon24.png in Resources */ = {isa = PBXBuildFile; fileRef = 346CF2F12A48088700F46EAB /* icon24.png */; };
		346CF33A2A48088700F46EAB /* options.css in Resources */ = {isa = PBXBuildFile; fileRef = 346CF2F22A48088700F46EAB /* options.css */; };
		346CF33B2A48088700F46EAB /* create_extension_packages.py in Resources */ = {isa = PBXBuildFile; fileRef = 346CF2F32A48088700F46EAB /* create_extension_packages.py */; };
		346CF33C2A48088700F46EAB /* icon32.png in Resources */ = {isa = PBXBuildFile; fileRef = 346CF2F42A48088700F46EAB /* icon32.png */; };
/* End PBXBuildFile section */

/* Begin PBXContainerItemProxy section */
		346CF2A32A48088700F46EAB /* PBXContainerItemProxy */ = {
			isa = PBXContainerItemProxy;
			containerPortal = 346CF26F2A48088600F46EAB /* Project object */;
			proxyType = 1;
			remoteGlobalIDString = 346CF2A02A48088700F46EAB;
			remoteInfo = "Soupcan Extension (iOS)";
		};
		346CF2AD2A48088700F46EAB /* PBXContainerItemProxy */ = {
			isa = PBXContainerItemProxy;
			containerPortal = 346CF26F2A48088600F46EAB /* Project object */;
			proxyType = 1;
			remoteGlobalIDString = 346CF2AA2A48088700F46EAB;
			remoteInfo = "Soupcan Extension (macOS)";
		};
/* End PBXContainerItemProxy section */

/* Begin PBXCopyFilesBuildPhase section */
		346CF2C52A48088700F46EAB /* Embed Foundation Extensions */ = {
			isa = PBXCopyFilesBuildPhase;
			buildActionMask = 2147483647;
			dstPath = "";
			dstSubfolderSpec = 13;
			files = (
				346CF2A22A48088700F46EAB /* Soupcan Extension.appex in Embed Foundation Extensions */,
			);
			name = "Embed Foundation Extensions";
			runOnlyForDeploymentPostprocessing = 0;
		};
		346CF2CC2A48088700F46EAB /* Embed Foundation Extensions */ = {
			isa = PBXCopyFilesBuildPhase;
			buildActionMask = 2147483647;
			dstPath = "";
			dstSubfolderSpec = 13;
			files = (
				346CF2AC2A48088700F46EAB /* Soupcan Extension.appex in Embed Foundation Extensions */,
			);
			name = "Embed Foundation Extensions";
			runOnlyForDeploymentPostprocessing = 0;
		};
/* End PBXCopyFilesBuildPhase section */

/* Begin PBXFileReference section */
		346CF2762A48088600F46EAB /* Base */ = {isa = PBXFileReference; lastKnownFileType = text.html; name = Base; path = ../Base.lproj/Main.html; sourceTree = "<group>"; };
		346CF2772A48088600F46EAB /* Icon.png */ = {isa = PBXFileReference; lastKnownFileType = image.png; path = Icon.png; sourceTree = "<group>"; };
		346CF2782A48088600F46EAB /* Style.css */ = {isa = PBXFileReference; lastKnownFileType = text.css; path = Style.css; sourceTree = "<group>"; };
		346CF2792A48088600F46EAB /* Script.js */ = {isa = PBXFileReference; lastKnownFileType = sourcecode.javascript; path = Script.js; sourceTree = "<group>"; };
		346CF27A2A48088600F46EAB /* ViewController.swift */ = {isa = PBXFileReference; lastKnownFileType = sourcecode.swift; path = ViewController.swift; sourceTree = "<group>"; };
		346CF27B2A48088700F46EAB /* Assets.xcassets */ = {isa = PBXFileReference; lastKnownFileType = folder.assetcatalog; path = Assets.xcassets; sourceTree = "<group>"; };
		346CF27D2A48088700F46EAB /* SafariWebExtensionHandler.swift */ = {isa = PBXFileReference; lastKnownFileType = sourcecode.swift; path = SafariWebExtensionHandler.swift; sourceTree = "<group>"; };
		346CF2822A48088700F46EAB /* Soupcan.app */ = {isa = PBXFileReference; explicitFileType = wrapper.application; includeInIndex = 0; path = Soupcan.app; sourceTree = BUILT_PRODUCTS_DIR; };
		346CF2852A48088700F46EAB /* AppDelegate.swift */ = {isa = PBXFileReference; lastKnownFileType = sourcecode.swift; path = AppDelegate.swift; sourceTree = "<group>"; };
		346CF2872A48088700F46EAB /* SceneDelegate.swift */ = {isa = PBXFileReference; lastKnownFileType = sourcecode.swift; path = SceneDelegate.swift; sourceTree = "<group>"; };
		346CF28A2A48088700F46EAB /* Base */ = {isa = PBXFileReference; lastKnownFileType = file.storyboard; name = Base; path = Base.lproj/LaunchScreen.storyboard; sourceTree = "<group>"; };
		346CF28D2A48088700F46EAB /* Base */ = {isa = PBXFileReference; lastKnownFileType = file.storyboard; name = Base; path = Base.lproj/Main.storyboard; sourceTree = "<group>"; };
		346CF28F2A48088700F46EAB /* Info.plist */ = {isa = PBXFileReference; lastKnownFileType = text.plist.xml; path = Info.plist; sourceTree = "<group>"; };
		346CF2942A48088700F46EAB /* Soupcan.app */ = {isa = PBXFileReference; explicitFileType = wrapper.application; includeInIndex = 0; path = Soupcan.app; sourceTree = BUILT_PRODUCTS_DIR; };
		346CF2962A48088700F46EAB /* AppDelegate.swift */ = {isa = PBXFileReference; lastKnownFileType = sourcecode.swift; path = AppDelegate.swift; sourceTree = "<group>"; };
		346CF2992A48088700F46EAB /* Base */ = {isa = PBXFileReference; lastKnownFileType = file.storyboard; name = Base; path = Base.lproj/Main.storyboard; sourceTree = "<group>"; };
		346CF29B2A48088700F46EAB /* Info.plist */ = {isa = PBXFileReference; lastKnownFileType = text.plist.xml; path = Info.plist; sourceTree = "<group>"; };
		346CF29C2A48088700F46EAB /* Soupcan.entitlements */ = {isa = PBXFileReference; lastKnownFileType = text.plist.entitlements; path = Soupcan.entitlements; sourceTree = "<group>"; };
		346CF2A12A48088700F46EAB /* Soupcan Extension.appex */ = {isa = PBXFileReference; explicitFileType = "wrapper.app-extension"; includeInIndex = 0; path = "Soupcan Extension.appex"; sourceTree = BUILT_PRODUCTS_DIR; };
		346CF2A62A48088700F46EAB /* Info.plist */ = {isa = PBXFileReference; lastKnownFileType = text.plist.xml; path = Info.plist; sourceTree = "<group>"; };
		346CF2AB2A48088700F46EAB /* Soupcan Extension.appex */ = {isa = PBXFileReference; explicitFileType = "wrapper.app-extension"; includeInIndex = 0; path = "Soupcan Extension.appex"; sourceTree = BUILT_PRODUCTS_DIR; };
		346CF2B02A48088700F46EAB /* Info.plist */ = {isa = PBXFileReference; lastKnownFileType = text.plist.xml; path = Info.plist; sourceTree = "<group>"; };
		346CF2B12A48088700F46EAB /* Soupcan.entitlements */ = {isa = PBXFileReference; lastKnownFileType = text.plist.entitlements; path = Soupcan.entitlements; sourceTree = "<group>"; };
		346CF2D12A48088700F46EAB /* bootstrap.min.css */ = {isa = PBXFileReference; lastKnownFileType = text.css; name = bootstrap.min.css; path = "../../soupcan-extension/manifest-v3/bootstrap.min.css"; sourceTree = "<group>"; };
		346CF2D22A48088700F46EAB /* icon16.png */ = {isa = PBXFileReference; lastKnownFileType = image.png; name = icon16.png; path = "../../soupcan-extension/manifest-v3/icon16.png"; sourceTree = "<group>"; };
		346CF2D32A48088700F46EAB /* database.js */ = {isa = PBXFileReference; lastKnownFileType = sourcecode.javascript; name = database.js; path = "../../soupcan-extension/manifest-v3/database.js"; sourceTree = "<group>"; };
		346CF2D42A48088700F46EAB /* moderation.js */ = {isa = PBXFileReference; lastKnownFileType = sourcecode.javascript; name = moderation.js; path = "../../soupcan-extension/manifest-v3/moderation.js"; sourceTree = "<group>"; };
		346CF2D52A48088700F46EAB /* manifest-firefox.json */ = {isa = PBXFileReference; lastKnownFileType = text.json; name = "manifest-firefox.json"; path = "../../soupcan-extension/manifest-v3/manifest-firefox.json"; sourceTree = "<group>"; };
		346CF2D62A48088700F46EAB /* icon.png */ = {isa = PBXFileReference; lastKnownFileType = image.png; name = icon.png; path = "../../soupcan-extension/manifest-v3/icon.png"; sourceTree = "<group>"; };
		346CF2D72A48088700F46EAB /* util.js */ = {isa = PBXFileReference; lastKnownFileType = sourcecode.javascript; name = util.js; path = "../../soupcan-extension/manifest-v3/util.js"; sourceTree = "<group>"; };
		346CF2D82A48088700F46EAB /* soupcan.css */ = {isa = PBXFileReference; lastKnownFileType = text.css; name = soupcan.css; path = "../../soupcan-extension/manifest-v3/soupcan.css"; sourceTree = "<group>"; };
		346CF2D92A48088700F46EAB /* icon400.png */ = {isa = PBXFileReference; lastKnownFileType = image.png; name = icon400.png; path = "../../soupcan-extension/manifest-v3/icon400.png"; sourceTree = "<group>"; };
		346CF2DA2A48088700F46EAB /* start.js */ = {isa = PBXFileReference; lastKnownFileType = sourcecode.javascript; name = start.js; path = "../../soupcan-extension/manifest-v3/start.js"; sourceTree = "<group>"; };
		346CF2DB2A48088700F46EAB /* media-matching.js */ = {isa = PBXFileReference; lastKnownFileType = sourcecode.javascript; name = "media-matching.js"; path = "../../soupcan-extension/manifest-v3/media-matching.js"; sourceTree = "<group>"; };
		346CF2DC2A48088700F46EAB /* background.js */ = {isa = PBXFileReference; lastKnownFileType = sourcecode.javascript; name = background.js; path = "../../soupcan-extension/manifest-v3/background.js"; sourceTree = "<group>"; };
		346CF2DD2A48088700F46EAB /* dist */ = {isa = PBXFileReference; lastKnownFileType = folder; name = dist; path = "../../soupcan-extension/manifest-v3/dist"; sourceTree = "<group>"; };
		346CF2DE2A48088700F46EAB /* awesome-notifications */ = {isa = PBXFileReference; lastKnownFileType = folder; name = "awesome-notifications"; path = "../../soupcan-extension/manifest-v3/awesome-notifications"; sourceTree = "<group>"; };
		346CF2DF2A48088700F46EAB /* images */ = {isa = PBXFileReference; lastKnownFileType = folder; name = images; path = "../../soupcan-extension/manifest-v3/images"; sourceTree = "<group>"; };
		346CF2E02A48088700F46EAB /* icon48.png */ = {isa = PBXFileReference; lastKnownFileType = image.png; name = icon48.png; path = "../../soupcan-extension/manifest-v3/icon48.png"; sourceTree = "<group>"; };
		346CF2E12A48088700F46EAB /* options.js */ = {isa = PBXFileReference; lastKnownFileType = sourcecode.javascript; name = options.js; path = "../../soupcan-extension/manifest-v3/options.js"; sourceTree = "<group>"; };
		346CF2E22A48088700F46EAB /* moderation.html */ = {isa = PBXFileReference; lastKnownFileType = text.html; name = moderation.html; path = "../../soupcan-extension/manifest-v3/moderation.html"; sourceTree = "<group>"; };
		346CF2E32A48088700F46EAB /* bootstrap.bundle.min.js */ = {isa = PBXFileReference; lastKnownFileType = sourcecode.javascript; name = bootstrap.bundle.min.js; path = "../../soupcan-extension/manifest-v3/bootstrap.bundle.min.js"; sourceTree = "<group>"; };
		346CF2E42A48088700F46EAB /* start.html */ = {isa = PBXFileReference; lastKnownFileType = text.html; name = start.html; path = "../../soupcan-extension/manifest-v3/start.html"; sourceTree = "<group>"; };
		346CF2E52A48088700F46EAB /* theme.js */ = {isa = PBXFileReference; lastKnownFileType = sourcecode.javascript; name = theme.js; path = "../../soupcan-extension/manifest-v3/theme.js"; sourceTree = "<group>"; };
		346CF2E62A48088700F46EAB /* shinigami_eyes_data2.js */ = {isa = PBXFileReference; lastKnownFileType = sourcecode.javascript; name = shinigami_eyes_data2.js; path = "../../soupcan-extension/manifest-v3/shinigami_eyes_data2.js"; sourceTree = "<group>"; };
		346CF2E72A48088700F46EAB /* icon128.png */ = {isa = PBXFileReference; lastKnownFileType = image.png; name = icon128.png; path = "../../soupcan-extension/manifest-v3/icon128.png"; sourceTree = "<group>"; };
		346CF2E82A48088700F46EAB /* fetch-progress.js */ = {isa = PBXFileReference; lastKnownFileType = sourcecode.javascript; name = "fetch-progress.js"; path = "../../soupcan-extension/manifest-v3/fetch-progress.js"; sourceTree = "<group>"; };
		346CF2E92A48088700F46EAB /* shinigami_eyes_data1.js */ = {isa = PBXFileReference; lastKnownFileType = sourcecode.javascript; name = shinigami_eyes_data1.js; path = "../../soupcan-extension/manifest-v3/shinigami_eyes_data1.js"; sourceTree = "<group>"; };
		346CF2EA2A48088700F46EAB /* manifest.json */ = {isa = PBXFileReference; lastKnownFileType = text.json; name = manifest.json; path = "../../soupcan-extension/manifest-v3/manifest.json"; sourceTree = "<group>"; };
		346CF2EB2A48088700F46EAB /* start.css */ = {isa = PBXFileReference; lastKnownFileType = text.css; name = start.css; path = "../../soupcan-extension/manifest-v3/start.css"; sourceTree = "<group>"; };
		346CF2EC2A48088700F46EAB /* options.html */ = {isa = PBXFileReference; lastKnownFileType = text.html; name = options.html; path = "../../soupcan-extension/manifest-v3/options.html"; sourceTree = "<group>"; };
		346CF2ED2A48088700F46EAB /* soupcan.js */ = {isa = PBXFileReference; lastKnownFileType = sourcecode.javascript; name = soupcan.js; path = "../../soupcan-extension/manifest-v3/soupcan.js"; sourceTree = "<group>"; };
		346CF2EE2A48088700F46EAB /* _locales */ = {isa = PBXFileReference; lastKnownFileType = folder; name = _locales; path = "../../soupcan-extension/manifest-v3/_locales"; sourceTree = "<group>"; };
		346CF2EF2A48088700F46EAB /* shinigami.js */ = {isa = PBXFileReference; lastKnownFileType = sourcecode.javascript; name = shinigami.js; path = "../../soupcan-extension/manifest-v3/shinigami.js"; sourceTree = "<group>"; };
		346CF2F02A48088700F46EAB /* fonts */ = {isa = PBXFileReference; lastKnownFileType = folder; name = fonts; path = "../../soupcan-extension/manifest-v3/fonts"; sourceTree = "<group>"; };
		346CF2F12A48088700F46EAB /* icon24.png */ = {isa = PBXFileReference; lastKnownFileType = image.png; name = icon24.png; path = "../../soupcan-extension/manifest-v3/icon24.png"; sourceTree = "<group>"; };
		346CF2F22A48088700F46EAB /* options.css */ = {isa = PBXFileReference; lastKnownFileType = text.css; name = options.css; path = "../../soupcan-extension/manifest-v3/options.css"; sourceTree = "<group>"; };
		346CF2F32A48088700F46EAB /* create_extension_packages.py */ = {isa = PBXFileReference; lastKnownFileType = text.script.python; name = create_extension_packages.py; path = "../../soupcan-extension/manifest-v3/create_extension_packages.py"; sourceTree = "<group>"; };
		346CF2F42A48088700F46EAB /* icon32.png */ = {isa = PBXFileReference; lastKnownFileType = image.png; name = icon32.png; path = "../../soupcan-extension/manifest-v3/icon32.png"; sourceTree = "<group>"; };
/* End PBXFileReference section */

/* Begin PBXFrameworksBuildPhase section */
		346CF27F2A48088700F46EAB /* Frameworks */ = {
			isa = PBXFrameworksBuildPhase;
			buildActionMask = 2147483647;
			files = (
			);
			runOnlyForDeploymentPostprocessing = 0;
		};
		346CF2912A48088700F46EAB /* Frameworks */ = {
			isa = PBXFrameworksBuildPhase;
			buildActionMask = 2147483647;
			files = (
			);
			runOnlyForDeploymentPostprocessing = 0;
		};
		346CF29E2A48088700F46EAB /* Frameworks */ = {
			isa = PBXFrameworksBuildPhase;
			buildActionMask = 2147483647;
			files = (
			);
			runOnlyForDeploymentPostprocessing = 0;
		};
		346CF2A82A48088700F46EAB /* Frameworks */ = {
			isa = PBXFrameworksBuildPhase;
			buildActionMask = 2147483647;
			files = (
			);
			runOnlyForDeploymentPostprocessing = 0;
		};
/* End PBXFrameworksBuildPhase section */

/* Begin PBXGroup section */
		346CF26E2A48088600F46EAB = {
			isa = PBXGroup;
			children = (
				346CF2732A48088600F46EAB /* Shared (App) */,
				346CF27C2A48088700F46EAB /* Shared (Extension) */,
				346CF2842A48088700F46EAB /* iOS (App) */,
				346CF2952A48088700F46EAB /* macOS (App) */,
				346CF2A52A48088700F46EAB /* iOS (Extension) */,
				346CF2AF2A48088700F46EAB /* macOS (Extension) */,
				346CF2832A48088700F46EAB /* Products */,
			);
			sourceTree = "<group>";
		};
		346CF2732A48088600F46EAB /* Shared (App) */ = {
			isa = PBXGroup;
			children = (
				346CF27A2A48088600F46EAB /* ViewController.swift */,
				346CF27B2A48088700F46EAB /* Assets.xcassets */,
				346CF2742A48088600F46EAB /* Resources */,
			);
			path = "Shared (App)";
			sourceTree = "<group>";
		};
		346CF2742A48088600F46EAB /* Resources */ = {
			isa = PBXGroup;
			children = (
				346CF2752A48088600F46EAB /* Main.html */,
				346CF2772A48088600F46EAB /* Icon.png */,
				346CF2782A48088600F46EAB /* Style.css */,
				346CF2792A48088600F46EAB /* Script.js */,
			);
			path = Resources;
			sourceTree = "<group>";
		};
		346CF27C2A48088700F46EAB /* Shared (Extension) */ = {
			isa = PBXGroup;
			children = (
				346CF2D02A48088700F46EAB /* Resources */,
				346CF27D2A48088700F46EAB /* SafariWebExtensionHandler.swift */,
			);
			path = "Shared (Extension)";
			sourceTree = "<group>";
		};
		346CF2832A48088700F46EAB /* Products */ = {
			isa = PBXGroup;
			children = (
				346CF2822A48088700F46EAB /* Soupcan.app */,
				346CF2942A48088700F46EAB /* Soupcan.app */,
				346CF2A12A48088700F46EAB /* Soupcan Extension.appex */,
				346CF2AB2A48088700F46EAB /* Soupcan Extension.appex */,
			);
			name = Products;
			sourceTree = "<group>";
		};
		346CF2842A48088700F46EAB /* iOS (App) */ = {
			isa = PBXGroup;
			children = (
				346CF2852A48088700F46EAB /* AppDelegate.swift */,
				346CF2872A48088700F46EAB /* SceneDelegate.swift */,
				346CF2892A48088700F46EAB /* LaunchScreen.storyboard */,
				346CF28C2A48088700F46EAB /* Main.storyboard */,
				346CF28F2A48088700F46EAB /* Info.plist */,
			);
			path = "iOS (App)";
			sourceTree = "<group>";
		};
		346CF2952A48088700F46EAB /* macOS (App) */ = {
			isa = PBXGroup;
			children = (
				346CF2962A48088700F46EAB /* AppDelegate.swift */,
				346CF2982A48088700F46EAB /* Main.storyboard */,
				346CF29B2A48088700F46EAB /* Info.plist */,
				346CF29C2A48088700F46EAB /* Soupcan.entitlements */,
			);
			path = "macOS (App)";
			sourceTree = "<group>";
		};
		346CF2A52A48088700F46EAB /* iOS (Extension) */ = {
			isa = PBXGroup;
			children = (
				346CF2A62A48088700F46EAB /* Info.plist */,
			);
			path = "iOS (Extension)";
			sourceTree = "<group>";
		};
		346CF2AF2A48088700F46EAB /* macOS (Extension) */ = {
			isa = PBXGroup;
			children = (
				346CF2B02A48088700F46EAB /* Info.plist */,
				346CF2B12A48088700F46EAB /* Soupcan.entitlements */,
			);
			path = "macOS (Extension)";
			sourceTree = "<group>";
		};
		346CF2D02A48088700F46EAB /* Resources */ = {
			isa = PBXGroup;
			children = (
				346CF2D12A48088700F46EAB /* bootstrap.min.css */,
				346CF2D22A48088700F46EAB /* icon16.png */,
				346CF2D32A48088700F46EAB /* database.js */,
				346CF2D42A48088700F46EAB /* moderation.js */,
				346CF2D52A48088700F46EAB /* manifest-firefox.json */,
				346CF2D62A48088700F46EAB /* icon.png */,
				346CF2D72A48088700F46EAB /* util.js */,
				346CF2D82A48088700F46EAB /* soupcan.css */,
				346CF2D92A48088700F46EAB /* icon400.png */,
				346CF2DA2A48088700F46EAB /* start.js */,
				346CF2DB2A48088700F46EAB /* media-matching.js */,
				346CF2DC2A48088700F46EAB /* background.js */,
				346CF2DD2A48088700F46EAB /* dist */,
				346CF2DE2A48088700F46EAB /* awesome-notifications */,
				346CF2DF2A48088700F46EAB /* images */,
				346CF2E02A48088700F46EAB /* icon48.png */,
				346CF2E12A48088700F46EAB /* options.js */,
				346CF2E22A48088700F46EAB /* moderation.html */,
				346CF2E32A48088700F46EAB /* bootstrap.bundle.min.js */,
				346CF2E42A48088700F46EAB /* start.html */,
				346CF2E52A48088700F46EAB /* theme.js */,
				346CF2E62A48088700F46EAB /* shinigami_eyes_data2.js */,
				346CF2E72A48088700F46EAB /* icon128.png */,
				346CF2E82A48088700F46EAB /* fetch-progress.js */,
				346CF2E92A48088700F46EAB /* shinigami_eyes_data1.js */,
				346CF2EA2A48088700F46EAB /* manifest.json */,
				346CF2EB2A48088700F46EAB /* start.css */,
				346CF2EC2A48088700F46EAB /* options.html */,
				346CF2ED2A48088700F46EAB /* soupcan.js */,
				346CF2EE2A48088700F46EAB /* _locales */,
				346CF2EF2A48088700F46EAB /* shinigami.js */,
				346CF2F02A48088700F46EAB /* fonts */,
				346CF2F12A48088700F46EAB /* icon24.png */,
				346CF2F22A48088700F46EAB /* options.css */,
				346CF2F32A48088700F46EAB /* create_extension_packages.py */,
				346CF2F42A48088700F46EAB /* icon32.png */,
			);
			name = Resources;
			path = "Shared (Extension)";
			sourceTree = SOURCE_ROOT;
		};
/* End PBXGroup section */

/* Begin PBXNativeTarget section */
		346CF2812A48088700F46EAB /* Soupcan (iOS) */ = {
			isa = PBXNativeTarget;
			buildConfigurationList = 346CF2C62A48088700F46EAB /* Build configuration list for PBXNativeTarget "Soupcan (iOS)" */;
			buildPhases = (
				346CF27E2A48088700F46EAB /* Sources */,
				346CF27F2A48088700F46EAB /* Frameworks */,
				346CF2802A48088700F46EAB /* Resources */,
				346CF2C52A48088700F46EAB /* Embed Foundation Extensions */,
			);
			buildRules = (
			);
			dependencies = (
				346CF2A42A48088700F46EAB /* PBXTargetDependency */,
			);
			name = "Soupcan (iOS)";
			productName = "Soupcan (iOS)";
			productReference = 346CF2822A48088700F46EAB /* Soupcan.app */;
			productType = "com.apple.product-type.application";
		};
		346CF2932A48088700F46EAB /* Soupcan (macOS) */ = {
			isa = PBXNativeTarget;
			buildConfigurationList = 346CF2CD2A48088700F46EAB /* Build configuration list for PBXNativeTarget "Soupcan (macOS)" */;
			buildPhases = (
				346CF2902A48088700F46EAB /* Sources */,
				346CF2912A48088700F46EAB /* Frameworks */,
				346CF2922A48088700F46EAB /* Resources */,
				346CF2CC2A48088700F46EAB /* Embed Foundation Extensions */,
			);
			buildRules = (
			);
			dependencies = (
				346CF2AE2A48088700F46EAB /* PBXTargetDependency */,
			);
			name = "Soupcan (macOS)";
			productName = "Soupcan (macOS)";
			productReference = 346CF2942A48088700F46EAB /* Soupcan.app */;
			productType = "com.apple.product-type.application";
		};
		346CF2A02A48088700F46EAB /* Soupcan Extension (iOS) */ = {
			isa = PBXNativeTarget;
			buildConfigurationList = 346CF2C22A48088700F46EAB /* Build configuration list for PBXNativeTarget "Soupcan Extension (iOS)" */;
			buildPhases = (
				346CF29D2A48088700F46EAB /* Sources */,
				346CF29E2A48088700F46EAB /* Frameworks */,
				346CF29F2A48088700F46EAB /* Resources */,
			);
			buildRules = (
			);
			dependencies = (
			);
			name = "Soupcan Extension (iOS)";
			productName = "Soupcan Extension (iOS)";
			productReference = 346CF2A12A48088700F46EAB /* Soupcan Extension.appex */;
			productType = "com.apple.product-type.app-extension";
		};
		346CF2AA2A48088700F46EAB /* Soupcan Extension (macOS) */ = {
			isa = PBXNativeTarget;
			buildConfigurationList = 346CF2C92A48088700F46EAB /* Build configuration list for PBXNativeTarget "Soupcan Extension (macOS)" */;
			buildPhases = (
				346CF2A72A48088700F46EAB /* Sources */,
				346CF2A82A48088700F46EAB /* Frameworks */,
				346CF2A92A48088700F46EAB /* Resources */,
			);
			buildRules = (
			);
			dependencies = (
			);
			name = "Soupcan Extension (macOS)";
			productName = "Soupcan Extension (macOS)";
			productReference = 346CF2AB2A48088700F46EAB /* Soupcan Extension.appex */;
			productType = "com.apple.product-type.app-extension";
		};
/* End PBXNativeTarget section */

/* Begin PBXProject section */
		346CF26F2A48088600F46EAB /* Project object */ = {
			isa = PBXProject;
			attributes = {
				BuildIndependentTargetsInParallel = 1;
				LastSwiftUpdateCheck = 1430;
				LastUpgradeCheck = 1430;
				TargetAttributes = {
					346CF2812A48088700F46EAB = {
						CreatedOnToolsVersion = 14.3.1;
					};
					346CF2932A48088700F46EAB = {
						CreatedOnToolsVersion = 14.3.1;
					};
					346CF2A02A48088700F46EAB = {
						CreatedOnToolsVersion = 14.3.1;
					};
					346CF2AA2A48088700F46EAB = {
						CreatedOnToolsVersion = 14.3.1;
					};
				};
			};
			buildConfigurationList = 346CF2722A48088600F46EAB /* Build configuration list for PBXProject "Soupcan" */;
			compatibilityVersion = "Xcode 14.0";
			developmentRegion = en;
			hasScannedForEncodings = 0;
			knownRegions = (
				en,
				Base,
			);
			mainGroup = 346CF26E2A48088600F46EAB;
			productRefGroup = 346CF2832A48088700F46EAB /* Products */;
			projectDirPath = "";
			projectRoot = "";
			targets = (
				346CF2812A48088700F46EAB /* Soupcan (iOS) */,
				346CF2932A48088700F46EAB /* Soupcan (macOS) */,
				346CF2A02A48088700F46EAB /* Soupcan Extension (iOS) */,
				346CF2AA2A48088700F46EAB /* Soupcan Extension (macOS) */,
			);
		};
/* End PBXProject section */

/* Begin PBXResourcesBuildPhase section */
		346CF2802A48088700F46EAB /* Resources */ = {
			isa = PBXResourcesBuildPhase;
			buildActionMask = 2147483647;
			files = (
				346CF2B42A48088700F46EAB /* Icon.png in Resources */,
				346CF28B2A48088700F46EAB /* LaunchScreen.storyboard in Resources */,
				346CF2B22A48088700F46EAB /* Main.html in Resources */,
				346CF2B82A48088700F46EAB /* Script.js in Resources */,
				346CF2BC2A48088700F46EAB /* Assets.xcassets in Resources */,
				346CF28E2A48088700F46EAB /* Main.storyboard in Resources */,
				346CF2B62A48088700F46EAB /* Style.css in Resources */,
			);
			runOnlyForDeploymentPostprocessing = 0;
		};
		346CF2922A48088700F46EAB /* Resources */ = {
			isa = PBXResourcesBuildPhase;
			buildActionMask = 2147483647;
			files = (
				346CF2B52A48088700F46EAB /* Icon.png in Resources */,
				346CF2B72A48088700F46EAB /* Style.css in Resources */,
				346CF29A2A48088700F46EAB /* Main.storyboard in Resources */,
				346CF2B92A48088700F46EAB /* Script.js in Resources */,
				346CF2BD2A48088700F46EAB /* Assets.xcassets in Resources */,
				346CF2B32A48088700F46EAB /* Main.html in Resources */,
			);
			runOnlyForDeploymentPostprocessing = 0;
		};
		346CF29F2A48088700F46EAB /* Resources */ = {
			isa = PBXResourcesBuildPhase;
			buildActionMask = 2147483647;
			files = (
				346CF3272A48088700F46EAB /* images in Resources */,
				346CF3392A48088700F46EAB /* icon24.png in Resources */,
				346CF3192A48088700F46EAB /* bootstrap.min.css in Resources */,
				346CF33B2A48088700F46EAB /* create_extension_packages.py in Resources */,
				346CF32F2A48088700F46EAB /* icon128.png in Resources */,
				346CF3282A48088700F46EAB /* icon48.png in Resources */,
				346CF3222A48088700F46EAB /* start.js in Resources */,
				346CF33C2A48088700F46EAB /* icon32.png in Resources */,
				346CF32A2A48088700F46EAB /* moderation.html in Resources */,
				346CF32B2A48088700F46EAB /* bootstrap.bundle.min.js in Resources */,
				346CF3342A48088700F46EAB /* options.html in Resources */,
				346CF3252A48088700F46EAB /* dist in Resources */,
				346CF3302A48088700F46EAB /* fetch-progress.js in Resources */,
				346CF31D2A48088700F46EAB /* manifest-firefox.json in Resources */,
				346CF3212A48088700F46EAB /* icon400.png in Resources */,
				346CF32E2A48088700F46EAB /* shinigami_eyes_data2.js in Resources */,
				346CF3262A48088700F46EAB /* awesome-notifications in Resources */,
				346CF3352A48088700F46EAB /* soupcan.js in Resources */,
				346CF3382A48088700F46EAB /* fonts in Resources */,
				346CF3312A48088700F46EAB /* shinigami_eyes_data1.js in Resources */,
				346CF3242A48088700F46EAB /* background.js in Resources */,
				346CF32D2A48088700F46EAB /* theme.js in Resources */,
				346CF3362A48088700F46EAB /* _locales in Resources */,
				346CF3322A48088700F46EAB /* manifest.json in Resources */,
				346CF3292A48088700F46EAB /* options.js in Resources */,
				346CF3372A48088700F46EAB /* shinigami.js in Resources */,
				346CF31F2A48088700F46EAB /* util.js in Resources */,
				346CF3332A48088700F46EAB /* start.css in Resources */,
				346CF3202A48088700F46EAB /* soupcan.css in Resources */,
				346CF31E2A48088700F46EAB /* icon.png in Resources */,
				346CF33A2A48088700F46EAB /* options.css in Resources */,
				346CF31A2A48088700F46EAB /* icon16.png in Resources */,
				346CF31C2A48088700F46EAB /* moderation.js in Resources */,
				346CF3232A48088700F46EAB /* media-matching.js in Resources */,
				346CF31B2A48088700F46EAB /* database.js in Resources */,
				346CF32C2A48088700F46EAB /* start.html in Resources */,
			);
			runOnlyForDeploymentPostprocessing = 0;
		};
		346CF2A92A48088700F46EAB /* Resources */ = {
			isa = PBXResourcesBuildPhase;
			buildActionMask = 2147483647;
			files = (
				346CF3032A48088700F46EAB /* images in Resources */,
				346CF3152A48088700F46EAB /* icon24.png in Resources */,
				346CF2F52A48088700F46EAB /* bootstrap.min.css in Resources */,
				346CF3172A48088700F46EAB /* create_extension_packages.py in Resources */,
				346CF30B2A48088700F46EAB /* icon128.png in Resources */,
				346CF3042A48088700F46EAB /* icon48.png in Resources */,
				346CF2FE2A48088700F46EAB /* start.js in Resources */,
				346CF3182A48088700F46EAB /* icon32.png in Resources */,
				346CF3062A48088700F46EAB /* moderation.html in Resources */,
				346CF3072A48088700F46EAB /* bootstrap.bundle.min.js in Resources */,
				346CF3102A48088700F46EAB /* options.html in Resources */,
				346CF3012A48088700F46EAB /* dist in Resources */,
				346CF30C2A48088700F46EAB /* fetch-progress.js in Resources */,
				346CF2F92A48088700F46EAB /* manifest-firefox.json in Resources */,
				346CF2FD2A48088700F46EAB /* icon400.png in Resources */,
				346CF30A2A48088700F46EAB /* shinigami_eyes_data2.js in Resources */,
				346CF3022A48088700F46EAB /* awesome-notifications in Resources */,
				346CF3112A48088700F46EAB /* soupcan.js in Resources */,
				346CF3142A48088700F46EAB /* fonts in Resources */,
				346CF30D2A48088700F46EAB /* shinigami_eyes_data1.js in Resources */,
				346CF3002A48088700F46EAB /* background.js in Resources */,
				346CF3092A48088700F46EAB /* theme.js in Resources */,
				346CF3122A48088700F46EAB /* _locales in Resources */,
				346CF30E2A48088700F46EAB /* manifest.json in Resources */,
				346CF3052A48088700F46EAB /* options.js in Resources */,
				346CF3132A48088700F46EAB /* shinigami.js in Resources */,
				346CF2FB2A48088700F46EAB /* util.js in Resources */,
				346CF30F2A48088700F46EAB /* start.css in Resources */,
				346CF2FC2A48088700F46EAB /* soupcan.css in Resources */,
				346CF2FA2A48088700F46EAB /* icon.png in Resources */,
				346CF3162A48088700F46EAB /* options.css in Resources */,
				346CF2F62A48088700F46EAB /* icon16.png in Resources */,
				346CF2F82A48088700F46EAB /* moderation.js in Resources */,
				346CF2FF2A48088700F46EAB /* media-matching.js in Resources */,
				346CF2F72A48088700F46EAB /* database.js in Resources */,
				346CF3082A48088700F46EAB /* start.html in Resources */,
			);
			runOnlyForDeploymentPostprocessing = 0;
		};
/* End PBXResourcesBuildPhase section */

/* Begin PBXSourcesBuildPhase section */
		346CF27E2A48088700F46EAB /* Sources */ = {
			isa = PBXSourcesBuildPhase;
			buildActionMask = 2147483647;
			files = (
				346CF2BA2A48088700F46EAB /* ViewController.swift in Sources */,
				346CF2862A48088700F46EAB /* AppDelegate.swift in Sources */,
				346CF2882A48088700F46EAB /* SceneDelegate.swift in Sources */,
			);
			runOnlyForDeploymentPostprocessing = 0;
		};
		346CF2902A48088700F46EAB /* Sources */ = {
			isa = PBXSourcesBuildPhase;
			buildActionMask = 2147483647;
			files = (
				346CF2BB2A48088700F46EAB /* ViewController.swift in Sources */,
				346CF2972A48088700F46EAB /* AppDelegate.swift in Sources */,
			);
			runOnlyForDeploymentPostprocessing = 0;
		};
		346CF29D2A48088700F46EAB /* Sources */ = {
			isa = PBXSourcesBuildPhase;
			buildActionMask = 2147483647;
			files = (
				346CF2BE2A48088700F46EAB /* SafariWebExtensionHandler.swift in Sources */,
			);
			runOnlyForDeploymentPostprocessing = 0;
		};
		346CF2A72A48088700F46EAB /* Sources */ = {
			isa = PBXSourcesBuildPhase;
			buildActionMask = 2147483647;
			files = (
				346CF2BF2A48088700F46EAB /* SafariWebExtensionHandler.swift in Sources */,
			);
			runOnlyForDeploymentPostprocessing = 0;
		};
/* End PBXSourcesBuildPhase section */

/* Begin PBXTargetDependency section */
		346CF2A42A48088700F46EAB /* PBXTargetDependency */ = {
			isa = PBXTargetDependency;
			target = 346CF2A02A48088700F46EAB /* Soupcan Extension (iOS) */;
			targetProxy = 346CF2A32A48088700F46EAB /* PBXContainerItemProxy */;
		};
		346CF2AE2A48088700F46EAB /* PBXTargetDependency */ = {
			isa = PBXTargetDependency;
			target = 346CF2AA2A48088700F46EAB /* Soupcan Extension (macOS) */;
			targetProxy = 346CF2AD2A48088700F46EAB /* PBXContainerItemProxy */;
		};
/* End PBXTargetDependency section */

/* Begin PBXVariantGroup section */
		346CF2752A48088600F46EAB /* Main.html */ = {
			isa = PBXVariantGroup;
			children = (
				346CF2762A48088600F46EAB /* Base */,
			);
			name = Main.html;
			sourceTree = "<group>";
		};
		346CF2892A48088700F46EAB /* LaunchScreen.storyboard */ = {
			isa = PBXVariantGroup;
			children = (
				346CF28A2A48088700F46EAB /* Base */,
			);
			name = LaunchScreen.storyboard;
			sourceTree = "<group>";
		};
		346CF28C2A48088700F46EAB /* Main.storyboard */ = {
			isa = PBXVariantGroup;
			children = (
				346CF28D2A48088700F46EAB /* Base */,
			);
			name = Main.storyboard;
			sourceTree = "<group>";
		};
		346CF2982A48088700F46EAB /* Main.storyboard */ = {
			isa = PBXVariantGroup;
			children = (
				346CF2992A48088700F46EAB /* Base */,
			);
			name = Main.storyboard;
			sourceTree = "<group>";
		};
/* End PBXVariantGroup section */

/* Begin XCBuildConfiguration section */
		346CF2C02A48088700F46EAB /* Debug */ = {
			isa = XCBuildConfiguration;
			buildSettings = {
				ALWAYS_SEARCH_USER_PATHS = NO;
				CLANG_ANALYZER_NONNULL = YES;
				CLANG_ANALYZER_NUMBER_OBJECT_CONVERSION = YES_AGGRESSIVE;
				CLANG_CXX_LANGUAGE_STANDARD = "gnu++20";
				CLANG_ENABLE_MODULES = YES;
				CLANG_ENABLE_OBJC_ARC = YES;
				CLANG_ENABLE_OBJC_WEAK = YES;
				CLANG_WARN_BLOCK_CAPTURE_AUTORELEASING = YES;
				CLANG_WARN_BOOL_CONVERSION = YES;
				CLANG_WARN_COMMA = YES;
				CLANG_WARN_CONSTANT_CONVERSION = YES;
				CLANG_WARN_DEPRECATED_OBJC_IMPLEMENTATIONS = YES;
				CLANG_WARN_DIRECT_OBJC_ISA_USAGE = YES_ERROR;
				CLANG_WARN_DOCUMENTATION_COMMENTS = YES;
				CLANG_WARN_EMPTY_BODY = YES;
				CLANG_WARN_ENUM_CONVERSION = YES;
				CLANG_WARN_INFINITE_RECURSION = YES;
				CLANG_WARN_INT_CONVERSION = YES;
				CLANG_WARN_NON_LITERAL_NULL_CONVERSION = YES;
				CLANG_WARN_OBJC_IMPLICIT_RETAIN_SELF = YES;
				CLANG_WARN_OBJC_LITERAL_CONVERSION = YES;
				CLANG_WARN_OBJC_ROOT_CLASS = YES_ERROR;
				CLANG_WARN_QUOTED_INCLUDE_IN_FRAMEWORK_HEADER = YES;
				CLANG_WARN_RANGE_LOOP_ANALYSIS = YES;
				CLANG_WARN_STRICT_PROTOTYPES = YES;
				CLANG_WARN_SUSPICIOUS_MOVE = YES;
				CLANG_WARN_UNGUARDED_AVAILABILITY = YES_AGGRESSIVE;
				CLANG_WARN_UNREACHABLE_CODE = YES;
				CLANG_WARN__DUPLICATE_METHOD_MATCH = YES;
				COPY_PHASE_STRIP = NO;
				DEBUG_INFORMATION_FORMAT = dwarf;
				ENABLE_STRICT_OBJC_MSGSEND = YES;
				ENABLE_TESTABILITY = YES;
				GCC_C_LANGUAGE_STANDARD = gnu11;
				GCC_DYNAMIC_NO_PIC = NO;
				GCC_NO_COMMON_BLOCKS = YES;
				GCC_OPTIMIZATION_LEVEL = 0;
				GCC_PREPROCESSOR_DEFINITIONS = (
					"DEBUG=1",
					"$(inherited)",
				);
				GCC_WARN_64_TO_32_BIT_CONVERSION = YES;
				GCC_WARN_ABOUT_RETURN_TYPE = YES_ERROR;
				GCC_WARN_UNDECLARED_SELECTOR = YES;
				GCC_WARN_UNINITIALIZED_AUTOS = YES_AGGRESSIVE;
				GCC_WARN_UNUSED_FUNCTION = YES;
				GCC_WARN_UNUSED_VARIABLE = YES;
				MTL_ENABLE_DEBUG_INFO = INCLUDE_SOURCE;
				MTL_FAST_MATH = YES;
				ONLY_ACTIVE_ARCH = YES;
				SWIFT_ACTIVE_COMPILATION_CONDITIONS = DEBUG;
				SWIFT_OPTIMIZATION_LEVEL = "-Onone";
			};
			name = Debug;
		};
		346CF2C12A48088700F46EAB /* Release */ = {
			isa = XCBuildConfiguration;
			buildSettings = {
				ALWAYS_SEARCH_USER_PATHS = NO;
				CLANG_ANALYZER_NONNULL = YES;
				CLANG_ANALYZER_NUMBER_OBJECT_CONVERSION = YES_AGGRESSIVE;
				CLANG_CXX_LANGUAGE_STANDARD = "gnu++20";
				CLANG_ENABLE_MODULES = YES;
				CLANG_ENABLE_OBJC_ARC = YES;
				CLANG_ENABLE_OBJC_WEAK = YES;
				CLANG_WARN_BLOCK_CAPTURE_AUTORELEASING = YES;
				CLANG_WARN_BOOL_CONVERSION = YES;
				CLANG_WARN_COMMA = YES;
				CLANG_WARN_CONSTANT_CONVERSION = YES;
				CLANG_WARN_DEPRECATED_OBJC_IMPLEMENTATIONS = YES;
				CLANG_WARN_DIRECT_OBJC_ISA_USAGE = YES_ERROR;
				CLANG_WARN_DOCUMENTATION_COMMENTS = YES;
				CLANG_WARN_EMPTY_BODY = YES;
				CLANG_WARN_ENUM_CONVERSION = YES;
				CLANG_WARN_INFINITE_RECURSION = YES;
				CLANG_WARN_INT_CONVERSION = YES;
				CLANG_WARN_NON_LITERAL_NULL_CONVERSION = YES;
				CLANG_WARN_OBJC_IMPLICIT_RETAIN_SELF = YES;
				CLANG_WARN_OBJC_LITERAL_CONVERSION = YES;
				CLANG_WARN_OBJC_ROOT_CLASS = YES_ERROR;
				CLANG_WARN_QUOTED_INCLUDE_IN_FRAMEWORK_HEADER = YES;
				CLANG_WARN_RANGE_LOOP_ANALYSIS = YES;
				CLANG_WARN_STRICT_PROTOTYPES = YES;
				CLANG_WARN_SUSPICIOUS_MOVE = YES;
				CLANG_WARN_UNGUARDED_AVAILABILITY = YES_AGGRESSIVE;
				CLANG_WARN_UNREACHABLE_CODE = YES;
				CLANG_WARN__DUPLICATE_METHOD_MATCH = YES;
				COPY_PHASE_STRIP = NO;
				DEBUG_INFORMATION_FORMAT = "dwarf-with-dsym";
				ENABLE_NS_ASSERTIONS = NO;
				ENABLE_STRICT_OBJC_MSGSEND = YES;
				GCC_C_LANGUAGE_STANDARD = gnu11;
				GCC_NO_COMMON_BLOCKS = YES;
				GCC_WARN_64_TO_32_BIT_CONVERSION = YES;
				GCC_WARN_ABOUT_RETURN_TYPE = YES_ERROR;
				GCC_WARN_UNDECLARED_SELECTOR = YES;
				GCC_WARN_UNINITIALIZED_AUTOS = YES_AGGRESSIVE;
				GCC_WARN_UNUSED_FUNCTION = YES;
				GCC_WARN_UNUSED_VARIABLE = YES;
				MTL_ENABLE_DEBUG_INFO = NO;
				MTL_FAST_MATH = YES;
				SWIFT_COMPILATION_MODE = wholemodule;
				SWIFT_OPTIMIZATION_LEVEL = "-O";
			};
			name = Release;
		};
		346CF2C32A48088700F46EAB /* Debug */ = {
			isa = XCBuildConfiguration;
			buildSettings = {
				CODE_SIGN_STYLE = Automatic;
				CURRENT_PROJECT_VERSION = 1;
				DEVELOPMENT_TEAM = QDTZ75F9K4;
				GENERATE_INFOPLIST_FILE = YES;
				INFOPLIST_FILE = "iOS (Extension)/Info.plist";
				INFOPLIST_KEY_CFBundleDisplayName = "Soupcan Extension";
				INFOPLIST_KEY_NSHumanReadableCopyright = "";
				IPHONEOS_DEPLOYMENT_TARGET = 15.0;
				LD_RUNPATH_SEARCH_PATHS = (
					"$(inherited)",
					"@executable_path/Frameworks",
					"@executable_path/../../Frameworks",
				);
				MARKETING_VERSION = 0.11.0;
				OTHER_LDFLAGS = (
					"-framework",
					SafariServices,
				);
				PRODUCT_BUNDLE_IDENTIFIER = net.acrossthecloud.Soupcan.SafariExtension;
				PRODUCT_NAME = "Soupcan Extension";
				SDKROOT = iphoneos;
				SKIP_INSTALL = YES;
				SWIFT_EMIT_LOC_STRINGS = YES;
				SWIFT_VERSION = 5.0;
				TARGETED_DEVICE_FAMILY = "1,2";
			};
			name = Debug;
		};
		346CF2C42A48088700F46EAB /* Release */ = {
			isa = XCBuildConfiguration;
			buildSettings = {
				CODE_SIGN_STYLE = Automatic;
				CURRENT_PROJECT_VERSION = 1;
				DEVELOPMENT_TEAM = QDTZ75F9K4;
				GENERATE_INFOPLIST_FILE = YES;
				INFOPLIST_FILE = "iOS (Extension)/Info.plist";
				INFOPLIST_KEY_CFBundleDisplayName = "Soupcan Extension";
				INFOPLIST_KEY_NSHumanReadableCopyright = "";
				IPHONEOS_DEPLOYMENT_TARGET = 15.0;
				LD_RUNPATH_SEARCH_PATHS = (
					"$(inherited)",
					"@executable_path/Frameworks",
					"@executable_path/../../Frameworks",
				);
				MARKETING_VERSION = 0.11.0;
				OTHER_LDFLAGS = (
					"-framework",
					SafariServices,
				);
				PRODUCT_BUNDLE_IDENTIFIER = net.acrossthecloud.Soupcan.SafariExtension;
				PRODUCT_NAME = "Soupcan Extension";
				SDKROOT = iphoneos;
				SKIP_INSTALL = YES;
				SWIFT_EMIT_LOC_STRINGS = YES;
				SWIFT_VERSION = 5.0;
				TARGETED_DEVICE_FAMILY = "1,2";
				VALIDATE_PRODUCT = YES;
			};
			name = Release;
		};
		346CF2C72A48088700F46EAB /* Debug */ = {
			isa = XCBuildConfiguration;
			buildSettings = {
				ALWAYS_EMBED_SWIFT_STANDARD_LIBRARIES = YES;
				ASSETCATALOG_COMPILER_APPICON_NAME = AppIcon;
				ASSETCATALOG_COMPILER_GLOBAL_ACCENT_COLOR_NAME = AccentColor;
				CODE_SIGN_STYLE = Automatic;
				CURRENT_PROJECT_VERSION = 1;
				DEVELOPMENT_TEAM = QDTZ75F9K4;
				GENERATE_INFOPLIST_FILE = YES;
				INFOPLIST_FILE = "iOS (App)/Info.plist";
				INFOPLIST_KEY_CFBundleDisplayName = Soupcan;
				INFOPLIST_KEY_UIApplicationSupportsIndirectInputEvents = YES;
				INFOPLIST_KEY_UILaunchStoryboardName = LaunchScreen;
				INFOPLIST_KEY_UIMainStoryboardFile = Main;
				INFOPLIST_KEY_UISupportedInterfaceOrientations = "UIInterfaceOrientationPortrait UIInterfaceOrientationLandscapeLeft UIInterfaceOrientationLandscapeRight";
				INFOPLIST_KEY_UISupportedInterfaceOrientations_iPad = "UIInterfaceOrientationPortrait UIInterfaceOrientationPortraitUpsideDown UIInterfaceOrientationLandscapeLeft UIInterfaceOrientationLandscapeRight";
				IPHONEOS_DEPLOYMENT_TARGET = 15.0;
				LD_RUNPATH_SEARCH_PATHS = (
					"$(inherited)",
					"@executable_path/Frameworks",
				);
				MARKETING_VERSION = 0.11.0;
				OTHER_LDFLAGS = (
					"-framework",
					SafariServices,
					"-framework",
					WebKit,
				);
				PRODUCT_BUNDLE_IDENTIFIER = net.acrossthecloud.Soupcan;
				PRODUCT_NAME = Soupcan;
				SDKROOT = iphoneos;
				SWIFT_EMIT_LOC_STRINGS = YES;
				SWIFT_VERSION = 5.0;
				TARGETED_DEVICE_FAMILY = "1,2";
			};
			name = Debug;
		};
		346CF2C82A48088700F46EAB /* Release */ = {
			isa = XCBuildConfiguration;
			buildSettings = {
				ALWAYS_EMBED_SWIFT_STANDARD_LIBRARIES = YES;
				ASSETCATALOG_COMPILER_APPICON_NAME = AppIcon;
				ASSETCATALOG_COMPILER_GLOBAL_ACCENT_COLOR_NAME = AccentColor;
				CODE_SIGN_STYLE = Automatic;
				CURRENT_PROJECT_VERSION = 1;
				DEVELOPMENT_TEAM = QDTZ75F9K4;
				GENERATE_INFOPLIST_FILE = YES;
				INFOPLIST_FILE = "iOS (App)/Info.plist";
				INFOPLIST_KEY_CFBundleDisplayName = Soupcan;
				INFOPLIST_KEY_UIApplicationSupportsIndirectInputEvents = YES;
				INFOPLIST_KEY_UILaunchStoryboardName = LaunchScreen;
				INFOPLIST_KEY_UIMainStoryboardFile = Main;
				INFOPLIST_KEY_UISupportedInterfaceOrientations = "UIInterfaceOrientationPortrait UIInterfaceOrientationLandscapeLeft UIInterfaceOrientationLandscapeRight";
				INFOPLIST_KEY_UISupportedInterfaceOrientations_iPad = "UIInterfaceOrientationPortrait UIInterfaceOrientationPortraitUpsideDown UIInterfaceOrientationLandscapeLeft UIInterfaceOrientationLandscapeRight";
				IPHONEOS_DEPLOYMENT_TARGET = 15.0;
				LD_RUNPATH_SEARCH_PATHS = (
					"$(inherited)",
					"@executable_path/Frameworks",
				);
				MARKETING_VERSION = 0.11.0;
				OTHER_LDFLAGS = (
					"-framework",
					SafariServices,
					"-framework",
					WebKit,
				);
				PRODUCT_BUNDLE_IDENTIFIER = net.acrossthecloud.Soupcan;
				PRODUCT_NAME = Soupcan;
				SDKROOT = iphoneos;
				SWIFT_EMIT_LOC_STRINGS = YES;
				SWIFT_VERSION = 5.0;
				TARGETED_DEVICE_FAMILY = "1,2";
				VALIDATE_PRODUCT = YES;
			};
			name = Release;
		};
		346CF2CA2A48088700F46EAB /* Debug */ = {
			isa = XCBuildConfiguration;
			buildSettings = {
				CODE_SIGN_ENTITLEMENTS = "macOS (Extension)/Soupcan.entitlements";
				CODE_SIGN_STYLE = Automatic;
				CURRENT_PROJECT_VERSION = 1;
				DEVELOPMENT_TEAM = QDTZ75F9K4;
				ENABLE_HARDENED_RUNTIME = YES;
				GENERATE_INFOPLIST_FILE = YES;
				INFOPLIST_FILE = "macOS (Extension)/Info.plist";
				INFOPLIST_KEY_CFBundleDisplayName = "Soupcan Extension";
				INFOPLIST_KEY_NSHumanReadableCopyright = "";
				LD_RUNPATH_SEARCH_PATHS = (
					"$(inherited)",
					"@executable_path/../Frameworks",
					"@executable_path/../../../../Frameworks",
				);
				MACOSX_DEPLOYMENT_TARGET = 10.14;
				MARKETING_VERSION = 0.11.0;
				OTHER_LDFLAGS = (
					"-framework",
					SafariServices,
				);
				PRODUCT_BUNDLE_IDENTIFIER = net.acrossthecloud.Soupcan.SafariExtension;
				PRODUCT_NAME = "Soupcan Extension";
				SDKROOT = macosx;
				SKIP_INSTALL = YES;
				SWIFT_EMIT_LOC_STRINGS = YES;
				SWIFT_VERSION = 5.0;
			};
			name = Debug;
		};
		346CF2CB2A48088700F46EAB /* Release */ = {
			isa = XCBuildConfiguration;
			buildSettings = {
				CODE_SIGN_ENTITLEMENTS = "macOS (Extension)/Soupcan.entitlements";
				CODE_SIGN_STYLE = Automatic;
				CURRENT_PROJECT_VERSION = 1;
				DEVELOPMENT_TEAM = QDTZ75F9K4;
				ENABLE_HARDENED_RUNTIME = YES;
				GENERATE_INFOPLIST_FILE = YES;
				INFOPLIST_FILE = "macOS (Extension)/Info.plist";
				INFOPLIST_KEY_CFBundleDisplayName = "Soupcan Extension";
				INFOPLIST_KEY_NSHumanReadableCopyright = "";
				LD_RUNPATH_SEARCH_PATHS = (
					"$(inherited)",
					"@executable_path/../Frameworks",
					"@executable_path/../../../../Frameworks",
				);
				MACOSX_DEPLOYMENT_TARGET = 10.14;
				MARKETING_VERSION = 0.11.0;
				OTHER_LDFLAGS = (
					"-framework",
					SafariServices,
				);
				PRODUCT_BUNDLE_IDENTIFIER = net.acrossthecloud.Soupcan.SafariExtension;
				PRODUCT_NAME = "Soupcan Extension";
				SDKROOT = macosx;
				SKIP_INSTALL = YES;
				SWIFT_EMIT_LOC_STRINGS = YES;
				SWIFT_VERSION = 5.0;
			};
			name = Release;
		};
		346CF2CE2A48088700F46EAB /* Debug */ = {
			isa = XCBuildConfiguration;
			buildSettings = {
				ALWAYS_EMBED_SWIFT_STANDARD_LIBRARIES = YES;
				ASSETCATALOG_COMPILER_APPICON_NAME = AppIcon;
				ASSETCATALOG_COMPILER_GLOBAL_ACCENT_COLOR_NAME = AccentColor;
				CODE_SIGN_ENTITLEMENTS = "macOS (App)/Soupcan.entitlements";
				CODE_SIGN_STYLE = Automatic;
				CURRENT_PROJECT_VERSION = 1;
				DEVELOPMENT_TEAM = QDTZ75F9K4;
				ENABLE_HARDENED_RUNTIME = YES;
				GENERATE_INFOPLIST_FILE = YES;
				INFOPLIST_FILE = "macOS (App)/Info.plist";
				INFOPLIST_KEY_CFBundleDisplayName = Soupcan;
				INFOPLIST_KEY_LSApplicationCategoryType = "public.app-category.utilities";
				INFOPLIST_KEY_NSMainStoryboardFile = Main;
				INFOPLIST_KEY_NSPrincipalClass = NSApplication;
				LD_RUNPATH_SEARCH_PATHS = (
					"$(inherited)",
					"@executable_path/../Frameworks",
				);
				MACOSX_DEPLOYMENT_TARGET = 10.14;
				MARKETING_VERSION = 0.11.0;
				OTHER_LDFLAGS = (
					"-framework",
					SafariServices,
					"-framework",
					WebKit,
				);
				PRODUCT_BUNDLE_IDENTIFIER = net.acrossthecloud.Soupcan;
				PRODUCT_NAME = Soupcan;
				SDKROOT = macosx;
				SWIFT_EMIT_LOC_STRINGS = YES;
				SWIFT_VERSION = 5.0;
			};
			name = Debug;
		};
		346CF2CF2A48088700F46EAB /* Release */ = {
			isa = XCBuildConfiguration;
			buildSettings = {
				ALWAYS_EMBED_SWIFT_STANDARD_LIBRARIES = YES;
				ASSETCATALOG_COMPILER_APPICON_NAME = AppIcon;
				ASSETCATALOG_COMPILER_GLOBAL_ACCENT_COLOR_NAME = AccentColor;
				CODE_SIGN_ENTITLEMENTS = "macOS (App)/Soupcan.entitlements";
				CODE_SIGN_STYLE = Automatic;
				CURRENT_PROJECT_VERSION = 1;
				DEVELOPMENT_TEAM = QDTZ75F9K4;
				ENABLE_HARDENED_RUNTIME = YES;
				GENERATE_INFOPLIST_FILE = YES;
				INFOPLIST_FILE = "macOS (App)/Info.plist";
				INFOPLIST_KEY_CFBundleDisplayName = Soupcan;
				INFOPLIST_KEY_LSApplicationCategoryType = "public.app-category.utilities";
				INFOPLIST_KEY_NSMainStoryboardFile = Main;
				INFOPLIST_KEY_NSPrincipalClass = NSApplication;
				LD_RUNPATH_SEARCH_PATHS = (
					"$(inherited)",
					"@executable_path/../Frameworks",
				);
				MACOSX_DEPLOYMENT_TARGET = 10.14;
				MARKETING_VERSION = 0.11.0;
				OTHER_LDFLAGS = (
					"-framework",
					SafariServices,
					"-framework",
					WebKit,
				);
				PRODUCT_BUNDLE_IDENTIFIER = net.acrossthecloud.Soupcan;
				PRODUCT_NAME = Soupcan;
				SDKROOT = macosx;
				SWIFT_EMIT_LOC_STRINGS = YES;
				SWIFT_VERSION = 5.0;
			};
			name = Release;
		};
/* End XCBuildConfiguration section */

/* Begin XCConfigurationList section */
		346CF2722A48088600F46EAB /* Build configuration list for PBXProject "Soupcan" */ = {
			isa = XCConfigurationList;
			buildConfigurations = (
				346CF2C02A48088700F46EAB /* Debug */,
				346CF2C12A48088700F46EAB /* Release */,
			);
			defaultConfigurationIsVisible = 0;
			defaultConfigurationName = Release;
		};
		346CF2C22A48088700F46EAB /* Build configuration list for PBXNativeTarget "Soupcan Extension (iOS)" */ = {
			isa = XCConfigurationList;
			buildConfigurations = (
				346CF2C32A48088700F46EAB /* Debug */,
				346CF2C42A48088700F46EAB /* Release */,
			);
			defaultConfigurationIsVisible = 0;
			defaultConfigurationName = Release;
		};
		346CF2C62A48088700F46EAB /* Build configuration list for PBXNativeTarget "Soupcan (iOS)" */ = {
			isa = XCConfigurationList;
			buildConfigurations = (
				346CF2C72A48088700F46EAB /* Debug */,
				346CF2C82A48088700F46EAB /* Release */,
			);
			defaultConfigurationIsVisible = 0;
			defaultConfigurationName = Release;
		};
		346CF2C92A48088700F46EAB /* Build configuration list for PBXNativeTarget "Soupcan Extension (macOS)" */ = {
			isa = XCConfigurationList;
			buildConfigurations = (
				346CF2CA2A48088700F46EAB /* Debug */,
				346CF2CB2A48088700F46EAB /* Release */,
			);
			defaultConfigurationIsVisible = 0;
			defaultConfigurationName = Release;
		};
		346CF2CD2A48088700F46EAB /* Build configuration list for PBXNativeTarget "Soupcan (macOS)" */ = {
			isa = XCConfigurationList;
			buildConfigurations = (
				346CF2CE2A48088700F46EAB /* Debug */,
				346CF2CF2A48088700F46EAB /* Release */,
			);
			defaultConfigurationIsVisible = 0;
			defaultConfigurationName = Release;
		};
/* End XCConfigurationList section */
	};
	rootObject = 346CF26F2A48088600F46EAB /* Project object */;
}
