// !$*UTF8*$!
{
	archiveVersion = 1;
	classes = {
	};
	objectVersion = 56;
	objects = {

/* Begin PBXBuildFile section */
		34E62A2C2AFCABC9001BA022 /* AppDelegate.swift in Sources */ = {isa = PBXBuildFile; fileRef = 34E62A2B2AFCABC9001BA022 /* AppDelegate.swift */; };
		34E62A2E2AFCABC9001BA022 /* SceneDelegate.swift in Sources */ = {isa = PBXBuildFile; fileRef = 34E62A2D2AFCABC9001BA022 /* SceneDelegate.swift */; };
		34E62A312AFCABC9001BA022 /* LaunchScreen.storyboard in Resources */ = {isa = PBXBuildFile; fileRef = 34E62A2F2AFCABC9001BA022 /* LaunchScreen.storyboard */; };
		34E62A342AFCABC9001BA022 /* Main.storyboard in Resources */ = {isa = PBXBuildFile; fileRef = 34E62A322AFCABC9001BA022 /* Main.storyboard */; };
		34E62A3D2AFCABC9001BA022 /* AppDelegate.swift in Sources */ = {isa = PBXBuildFile; fileRef = 34E62A3C2AFCABC9001BA022 /* AppDelegate.swift */; };
		34E62A402AFCABC9001BA022 /* Main.storyboard in Resources */ = {isa = PBXBuildFile; fileRef = 34E62A3E2AFCABC9001BA022 /* Main.storyboard */; };
		34E62A482AFCABC9001BA022 /* Soupcan Extension.appex in Embed Foundation Extensions */ = {isa = PBXBuildFile; fileRef = 34E62A472AFCABC9001BA022 /* Soupcan Extension.appex */; settings = {ATTRIBUTES = (RemoveHeadersOnCopy, ); }; };
		34E62A522AFCABC9001BA022 /* Soupcan Extension.appex in Embed Foundation Extensions */ = {isa = PBXBuildFile; fileRef = 34E62A512AFCABC9001BA022 /* Soupcan Extension.appex */; settings = {ATTRIBUTES = (RemoveHeadersOnCopy, ); }; };
		34E62A582AFCABC9001BA022 /* Main.html in Resources */ = {isa = PBXBuildFile; fileRef = 34E62A1B2AFCABC8001BA022 /* Main.html */; };
		34E62A592AFCABC9001BA022 /* Main.html in Resources */ = {isa = PBXBuildFile; fileRef = 34E62A1B2AFCABC8001BA022 /* Main.html */; };
		34E62A5A2AFCABC9001BA022 /* Icon.png in Resources */ = {isa = PBXBuildFile; fileRef = 34E62A1D2AFCABC8001BA022 /* Icon.png */; };
		34E62A5B2AFCABC9001BA022 /* Icon.png in Resources */ = {isa = PBXBuildFile; fileRef = 34E62A1D2AFCABC8001BA022 /* Icon.png */; };
		34E62A5C2AFCABC9001BA022 /* Style.css in Resources */ = {isa = PBXBuildFile; fileRef = 34E62A1E2AFCABC8001BA022 /* Style.css */; };
		34E62A5D2AFCABC9001BA022 /* Style.css in Resources */ = {isa = PBXBuildFile; fileRef = 34E62A1E2AFCABC8001BA022 /* Style.css */; };
		34E62A5E2AFCABC9001BA022 /* Script.js in Resources */ = {isa = PBXBuildFile; fileRef = 34E62A1F2AFCABC8001BA022 /* Script.js */; };
		34E62A5F2AFCABC9001BA022 /* Script.js in Resources */ = {isa = PBXBuildFile; fileRef = 34E62A1F2AFCABC8001BA022 /* Script.js */; };
		34E62A602AFCABC9001BA022 /* ViewController.swift in Sources */ = {isa = PBXBuildFile; fileRef = 34E62A202AFCABC8001BA022 /* ViewController.swift */; };
		34E62A612AFCABC9001BA022 /* ViewController.swift in Sources */ = {isa = PBXBuildFile; fileRef = 34E62A202AFCABC8001BA022 /* ViewController.swift */; };
		34E62A622AFCABC9001BA022 /* Assets.xcassets in Resources */ = {isa = PBXBuildFile; fileRef = 34E62A212AFCABC9001BA022 /* Assets.xcassets */; };
		34E62A632AFCABC9001BA022 /* Assets.xcassets in Resources */ = {isa = PBXBuildFile; fileRef = 34E62A212AFCABC9001BA022 /* Assets.xcassets */; };
		34E62A642AFCABC9001BA022 /* SafariWebExtensionHandler.swift in Sources */ = {isa = PBXBuildFile; fileRef = 34E62A232AFCABC9001BA022 /* SafariWebExtensionHandler.swift */; };
		34E62A652AFCABC9001BA022 /* SafariWebExtensionHandler.swift in Sources */ = {isa = PBXBuildFile; fileRef = 34E62A232AFCABC9001BA022 /* SafariWebExtensionHandler.swift */; };
		34E62A9C2AFCABC9001BA022 /* bootstrap.min.css in Resources */ = {isa = PBXBuildFile; fileRef = 34E62A772AFCABC9001BA022 /* bootstrap.min.css */; };
		34E62A9D2AFCABC9001BA022 /* icon16.png in Resources */ = {isa = PBXBuildFile; fileRef = 34E62A782AFCABC9001BA022 /* icon16.png */; };
		34E62A9E2AFCABC9001BA022 /* database.js in Resources */ = {isa = PBXBuildFile; fileRef = 34E62A792AFCABC9001BA022 /* database.js */; };
		34E62A9F2AFCABC9001BA022 /* moderation.js in Resources */ = {isa = PBXBuildFile; fileRef = 34E62A7A2AFCABC9001BA022 /* moderation.js */; };
		34E62AA02AFCABC9001BA022 /* manifest-firefox.json in Resources */ = {isa = PBXBuildFile; fileRef = 34E62A7B2AFCABC9001BA022 /* manifest-firefox.json */; };
		34E62AA12AFCABC9001BA022 /* icon.png in Resources */ = {isa = PBXBuildFile; fileRef = 34E62A7C2AFCABC9001BA022 /* icon.png */; };
		34E62AA22AFCABC9001BA022 /* util.js in Resources */ = {isa = PBXBuildFile; fileRef = 34E62A7D2AFCABC9001BA022 /* util.js */; };
		34E62AA32AFCABC9001BA022 /* soupcan.css in Resources */ = {isa = PBXBuildFile; fileRef = 34E62A7E2AFCABC9001BA022 /* soupcan.css */; };
		34E62AA42AFCABC9001BA022 /* icon400.png in Resources */ = {isa = PBXBuildFile; fileRef = 34E62A7F2AFCABC9001BA022 /* icon400.png */; };
		34E62AA52AFCABC9001BA022 /* start.js in Resources */ = {isa = PBXBuildFile; fileRef = 34E62A802AFCABC9001BA022 /* start.js */; };
		34E62AA62AFCABC9001BA022 /* media-matching.js in Resources */ = {isa = PBXBuildFile; fileRef = 34E62A812AFCABC9001BA022 /* media-matching.js */; };
		34E62AA72AFCABC9001BA022 /* background.js in Resources */ = {isa = PBXBuildFile; fileRef = 34E62A822AFCABC9001BA022 /* background.js */; };
		34E62AA82AFCABC9001BA022 /* dist in Resources */ = {isa = PBXBuildFile; fileRef = 34E62A832AFCABC9001BA022 /* dist */; };
		34E62AA92AFCABC9001BA022 /* awesome-notifications in Resources */ = {isa = PBXBuildFile; fileRef = 34E62A842AFCABC9001BA022 /* awesome-notifications */; };
		34E62AAA2AFCABC9001BA022 /* images in Resources */ = {isa = PBXBuildFile; fileRef = 34E62A852AFCABC9001BA022 /* images */; };
		34E62AAB2AFCABC9001BA022 /* icon48.png in Resources */ = {isa = PBXBuildFile; fileRef = 34E62A862AFCABC9001BA022 /* icon48.png */; };
		34E62AAC2AFCABC9001BA022 /* options.js in Resources */ = {isa = PBXBuildFile; fileRef = 34E62A872AFCABC9001BA022 /* options.js */; };
		34E62AAD2AFCABC9001BA022 /* moderation.html in Resources */ = {isa = PBXBuildFile; fileRef = 34E62A882AFCABC9001BA022 /* moderation.html */; };
		34E62AAE2AFCABC9001BA022 /* moderation.css in Resources */ = {isa = PBXBuildFile; fileRef = 34E62A892AFCABC9001BA022 /* moderation.css */; };
		34E62AAF2AFCABC9001BA022 /* bootstrap.bundle.min.js in Resources */ = {isa = PBXBuildFile; fileRef = 34E62A8A2AFCABC9001BA022 /* bootstrap.bundle.min.js */; };
		34E62AB02AFCABC9001BA022 /* start.html in Resources */ = {isa = PBXBuildFile; fileRef = 34E62A8B2AFCABC9001BA022 /* start.html */; };
		34E62AB12AFCABC9001BA022 /* theme.js in Resources */ = {isa = PBXBuildFile; fileRef = 34E62A8C2AFCABC9001BA022 /* theme.js */; };
		34E62AB22AFCABC9001BA022 /* shinigami_eyes_data2.js in Resources */ = {isa = PBXBuildFile; fileRef = 34E62A8D2AFCABC9001BA022 /* shinigami_eyes_data2.js */; };
		34E62AB32AFCABC9001BA022 /* icon128.png in Resources */ = {isa = PBXBuildFile; fileRef = 34E62A8E2AFCABC9001BA022 /* icon128.png */; };
		34E62AB42AFCABC9001BA022 /* fetch-progress.js in Resources */ = {isa = PBXBuildFile; fileRef = 34E62A8F2AFCABC9001BA022 /* fetch-progress.js */; };
		34E62AB52AFCABC9001BA022 /* shinigami_eyes_data1.js in Resources */ = {isa = PBXBuildFile; fileRef = 34E62A902AFCABC9001BA022 /* shinigami_eyes_data1.js */; };
		34E62AB62AFCABC9001BA022 /* manifest.json in Resources */ = {isa = PBXBuildFile; fileRef = 34E62A912AFCABC9001BA022 /* manifest.json */; };
		34E62AB72AFCABC9001BA022 /* start.css in Resources */ = {isa = PBXBuildFile; fileRef = 34E62A922AFCABC9001BA022 /* start.css */; };
		34E62AB82AFCABC9001BA022 /* options.html in Resources */ = {isa = PBXBuildFile; fileRef = 34E62A932AFCABC9001BA022 /* options.html */; };
		34E62AB92AFCABC9001BA022 /* soupcan.js in Resources */ = {isa = PBXBuildFile; fileRef = 34E62A942AFCABC9001BA022 /* soupcan.js */; };
		34E62ABA2AFCABC9001BA022 /* _locales in Resources */ = {isa = PBXBuildFile; fileRef = 34E62A952AFCABC9001BA022 /* _locales */; };
		34E62ABB2AFCABC9001BA022 /* shinigami.js in Resources */ = {isa = PBXBuildFile; fileRef = 34E62A962AFCABC9001BA022 /* shinigami.js */; };
		34E62ABC2AFCABC9001BA022 /* fonts in Resources */ = {isa = PBXBuildFile; fileRef = 34E62A972AFCABC9001BA022 /* fonts */; };
		34E62ABD2AFCABC9001BA022 /* icon24.png in Resources */ = {isa = PBXBuildFile; fileRef = 34E62A982AFCABC9001BA022 /* icon24.png */; };
		34E62ABE2AFCABC9001BA022 /* options.css in Resources */ = {isa = PBXBuildFile; fileRef = 34E62A992AFCABC9001BA022 /* options.css */; };
		34E62ABF2AFCABC9001BA022 /* create_extension_packages.py in Resources */ = {isa = PBXBuildFile; fileRef = 34E62A9A2AFCABC9001BA022 /* create_extension_packages.py */; };
		34E62AC02AFCABC9001BA022 /* icon32.png in Resources */ = {isa = PBXBuildFile; fileRef = 34E62A9B2AFCABC9001BA022 /* icon32.png */; };
		34E62AC12AFCABC9001BA022 /* bootstrap.min.css in Resources */ = {isa = PBXBuildFile; fileRef = 34E62A772AFCABC9001BA022 /* bootstrap.min.css */; };
		34E62AC22AFCABC9001BA022 /* icon16.png in Resources */ = {isa = PBXBuildFile; fileRef = 34E62A782AFCABC9001BA022 /* icon16.png */; };
		34E62AC32AFCABC9001BA022 /* database.js in Resources */ = {isa = PBXBuildFile; fileRef = 34E62A792AFCABC9001BA022 /* database.js */; };
		34E62AC42AFCABC9001BA022 /* moderation.js in Resources */ = {isa = PBXBuildFile; fileRef = 34E62A7A2AFCABC9001BA022 /* moderation.js */; };
		34E62AC52AFCABC9001BA022 /* manifest-firefox.json in Resources */ = {isa = PBXBuildFile; fileRef = 34E62A7B2AFCABC9001BA022 /* manifest-firefox.json */; };
		34E62AC62AFCABC9001BA022 /* icon.png in Resources */ = {isa = PBXBuildFile; fileRef = 34E62A7C2AFCABC9001BA022 /* icon.png */; };
		34E62AC72AFCABC9001BA022 /* util.js in Resources */ = {isa = PBXBuildFile; fileRef = 34E62A7D2AFCABC9001BA022 /* util.js */; };
		34E62AC82AFCABC9001BA022 /* soupcan.css in Resources */ = {isa = PBXBuildFile; fileRef = 34E62A7E2AFCABC9001BA022 /* soupcan.css */; };
		34E62AC92AFCABC9001BA022 /* icon400.png in Resources */ = {isa = PBXBuildFile; fileRef = 34E62A7F2AFCABC9001BA022 /* icon400.png */; };
		34E62ACA2AFCABC9001BA022 /* start.js in Resources */ = {isa = PBXBuildFile; fileRef = 34E62A802AFCABC9001BA022 /* start.js */; };
		34E62ACB2AFCABC9001BA022 /* media-matching.js in Resources */ = {isa = PBXBuildFile; fileRef = 34E62A812AFCABC9001BA022 /* media-matching.js */; };
		34E62ACC2AFCABC9001BA022 /* background.js in Resources */ = {isa = PBXBuildFile; fileRef = 34E62A822AFCABC9001BA022 /* background.js */; };
		34E62ACD2AFCABC9001BA022 /* dist in Resources */ = {isa = PBXBuildFile; fileRef = 34E62A832AFCABC9001BA022 /* dist */; };
		34E62ACE2AFCABC9001BA022 /* awesome-notifications in Resources */ = {isa = PBXBuildFile; fileRef = 34E62A842AFCABC9001BA022 /* awesome-notifications */; };
		34E62ACF2AFCABC9001BA022 /* images in Resources */ = {isa = PBXBuildFile; fileRef = 34E62A852AFCABC9001BA022 /* images */; };
		34E62AD02AFCABC9001BA022 /* icon48.png in Resources */ = {isa = PBXBuildFile; fileRef = 34E62A862AFCABC9001BA022 /* icon48.png */; };
		34E62AD12AFCABC9001BA022 /* options.js in Resources */ = {isa = PBXBuildFile; fileRef = 34E62A872AFCABC9001BA022 /* options.js */; };
		34E62AD22AFCABC9001BA022 /* moderation.html in Resources */ = {isa = PBXBuildFile; fileRef = 34E62A882AFCABC9001BA022 /* moderation.html */; };
		34E62AD32AFCABC9001BA022 /* moderation.css in Resources */ = {isa = PBXBuildFile; fileRef = 34E62A892AFCABC9001BA022 /* moderation.css */; };
		34E62AD42AFCABC9001BA022 /* bootstrap.bundle.min.js in Resources */ = {isa = PBXBuildFile; fileRef = 34E62A8A2AFCABC9001BA022 /* bootstrap.bundle.min.js */; };
		34E62AD52AFCABC9001BA022 /* start.html in Resources */ = {isa = PBXBuildFile; fileRef = 34E62A8B2AFCABC9001BA022 /* start.html */; };
		34E62AD62AFCABC9001BA022 /* theme.js in Resources */ = {isa = PBXBuildFile; fileRef = 34E62A8C2AFCABC9001BA022 /* theme.js */; };
		34E62AD72AFCABC9001BA022 /* shinigami_eyes_data2.js in Resources */ = {isa = PBXBuildFile; fileRef = 34E62A8D2AFCABC9001BA022 /* shinigami_eyes_data2.js */; };
		34E62AD82AFCABC9001BA022 /* icon128.png in Resources */ = {isa = PBXBuildFile; fileRef = 34E62A8E2AFCABC9001BA022 /* icon128.png */; };
		34E62AD92AFCABC9001BA022 /* fetch-progress.js in Resources */ = {isa = PBXBuildFile; fileRef = 34E62A8F2AFCABC9001BA022 /* fetch-progress.js */; };
		34E62ADA2AFCABC9001BA022 /* shinigami_eyes_data1.js in Resources */ = {isa = PBXBuildFile; fileRef = 34E62A902AFCABC9001BA022 /* shinigami_eyes_data1.js */; };
		34E62ADB2AFCABC9001BA022 /* manifest.json in Resources */ = {isa = PBXBuildFile; fileRef = 34E62A912AFCABC9001BA022 /* manifest.json */; };
		34E62ADC2AFCABC9001BA022 /* start.css in Resources */ = {isa = PBXBuildFile; fileRef = 34E62A922AFCABC9001BA022 /* start.css */; };
		34E62ADD2AFCABC9001BA022 /* options.html in Resources */ = {isa = PBXBuildFile; fileRef = 34E62A932AFCABC9001BA022 /* options.html */; };
		34E62ADE2AFCABC9001BA022 /* soupcan.js in Resources */ = {isa = PBXBuildFile; fileRef = 34E62A942AFCABC9001BA022 /* soupcan.js */; };
		34E62ADF2AFCABC9001BA022 /* _locales in Resources */ = {isa = PBXBuildFile; fileRef = 34E62A952AFCABC9001BA022 /* _locales */; };
		34E62AE02AFCABC9001BA022 /* shinigami.js in Resources */ = {isa = PBXBuildFile; fileRef = 34E62A962AFCABC9001BA022 /* shinigami.js */; };
		34E62AE12AFCABC9001BA022 /* fonts in Resources */ = {isa = PBXBuildFile; fileRef = 34E62A972AFCABC9001BA022 /* fonts */; };
		34E62AE22AFCABC9001BA022 /* icon24.png in Resources */ = {isa = PBXBuildFile; fileRef = 34E62A982AFCABC9001BA022 /* icon24.png */; };
		34E62AE32AFCABC9001BA022 /* options.css in Resources */ = {isa = PBXBuildFile; fileRef = 34E62A992AFCABC9001BA022 /* options.css */; };
		34E62AE42AFCABC9001BA022 /* create_extension_packages.py in Resources */ = {isa = PBXBuildFile; fileRef = 34E62A9A2AFCABC9001BA022 /* create_extension_packages.py */; };
		34E62AE52AFCABC9001BA022 /* icon32.png in Resources */ = {isa = PBXBuildFile; fileRef = 34E62A9B2AFCABC9001BA022 /* icon32.png */; };
/* End PBXBuildFile section */

/* Begin PBXContainerItemProxy section */
		34E62A492AFCABC9001BA022 /* PBXContainerItemProxy */ = {
			isa = PBXContainerItemProxy;
			containerPortal = 34E62A152AFCABC8001BA022 /* Project object */;
			proxyType = 1;
			remoteGlobalIDString = 34E62A462AFCABC9001BA022;
			remoteInfo = "Soupcan Extension (iOS)";
		};
		34E62A532AFCABC9001BA022 /* PBXContainerItemProxy */ = {
			isa = PBXContainerItemProxy;
			containerPortal = 34E62A152AFCABC8001BA022 /* Project object */;
			proxyType = 1;
			remoteGlobalIDString = 34E62A502AFCABC9001BA022;
			remoteInfo = "Soupcan Extension (macOS)";
		};
/* End PBXContainerItemProxy section */

/* Begin PBXCopyFilesBuildPhase section */
		34E62A6B2AFCABC9001BA022 /* Embed Foundation Extensions */ = {
			isa = PBXCopyFilesBuildPhase;
			buildActionMask = 2147483647;
			dstPath = "";
			dstSubfolderSpec = 13;
			files = (
				34E62A482AFCABC9001BA022 /* Soupcan Extension.appex in Embed Foundation Extensions */,
			);
			name = "Embed Foundation Extensions";
			runOnlyForDeploymentPostprocessing = 0;
		};
		34E62A722AFCABC9001BA022 /* Embed Foundation Extensions */ = {
			isa = PBXCopyFilesBuildPhase;
			buildActionMask = 2147483647;
			dstPath = "";
			dstSubfolderSpec = 13;
			files = (
				34E62A522AFCABC9001BA022 /* Soupcan Extension.appex in Embed Foundation Extensions */,
			);
			name = "Embed Foundation Extensions";
			runOnlyForDeploymentPostprocessing = 0;
		};
/* End PBXCopyFilesBuildPhase section */

/* Begin PBXFileReference section */
		34E62A1C2AFCABC8001BA022 /* Base */ = {isa = PBXFileReference; lastKnownFileType = text.html; name = Base; path = ../Base.lproj/Main.html; sourceTree = "<group>"; };
		34E62A1D2AFCABC8001BA022 /* Icon.png */ = {isa = PBXFileReference; lastKnownFileType = image.png; path = Icon.png; sourceTree = "<group>"; };
		34E62A1E2AFCABC8001BA022 /* Style.css */ = {isa = PBXFileReference; lastKnownFileType = text.css; path = Style.css; sourceTree = "<group>"; };
		34E62A1F2AFCABC8001BA022 /* Script.js */ = {isa = PBXFileReference; lastKnownFileType = sourcecode.javascript; path = Script.js; sourceTree = "<group>"; };
		34E62A202AFCABC8001BA022 /* ViewController.swift */ = {isa = PBXFileReference; lastKnownFileType = sourcecode.swift; path = ViewController.swift; sourceTree = "<group>"; };
		34E62A212AFCABC9001BA022 /* Assets.xcassets */ = {isa = PBXFileReference; lastKnownFileType = folder.assetcatalog; path = Assets.xcassets; sourceTree = "<group>"; };
		34E62A232AFCABC9001BA022 /* SafariWebExtensionHandler.swift */ = {isa = PBXFileReference; lastKnownFileType = sourcecode.swift; path = SafariWebExtensionHandler.swift; sourceTree = "<group>"; };
		34E62A282AFCABC9001BA022 /* Soupcan.app */ = {isa = PBXFileReference; explicitFileType = wrapper.application; includeInIndex = 0; path = Soupcan.app; sourceTree = BUILT_PRODUCTS_DIR; };
		34E62A2B2AFCABC9001BA022 /* AppDelegate.swift */ = {isa = PBXFileReference; lastKnownFileType = sourcecode.swift; path = AppDelegate.swift; sourceTree = "<group>"; };
		34E62A2D2AFCABC9001BA022 /* SceneDelegate.swift */ = {isa = PBXFileReference; lastKnownFileType = sourcecode.swift; path = SceneDelegate.swift; sourceTree = "<group>"; };
		34E62A302AFCABC9001BA022 /* Base */ = {isa = PBXFileReference; lastKnownFileType = file.storyboard; name = Base; path = Base.lproj/LaunchScreen.storyboard; sourceTree = "<group>"; };
		34E62A332AFCABC9001BA022 /* Base */ = {isa = PBXFileReference; lastKnownFileType = file.storyboard; name = Base; path = Base.lproj/Main.storyboard; sourceTree = "<group>"; };
		34E62A352AFCABC9001BA022 /* Info.plist */ = {isa = PBXFileReference; lastKnownFileType = text.plist.xml; path = Info.plist; sourceTree = "<group>"; };
		34E62A3A2AFCABC9001BA022 /* Soupcan.app */ = {isa = PBXFileReference; explicitFileType = wrapper.application; includeInIndex = 0; path = Soupcan.app; sourceTree = BUILT_PRODUCTS_DIR; };
		34E62A3C2AFCABC9001BA022 /* AppDelegate.swift */ = {isa = PBXFileReference; lastKnownFileType = sourcecode.swift; path = AppDelegate.swift; sourceTree = "<group>"; };
		34E62A3F2AFCABC9001BA022 /* Base */ = {isa = PBXFileReference; lastKnownFileType = file.storyboard; name = Base; path = Base.lproj/Main.storyboard; sourceTree = "<group>"; };
		34E62A412AFCABC9001BA022 /* Info.plist */ = {isa = PBXFileReference; lastKnownFileType = text.plist.xml; path = Info.plist; sourceTree = "<group>"; };
		34E62A422AFCABC9001BA022 /* Soupcan.entitlements */ = {isa = PBXFileReference; lastKnownFileType = text.plist.entitlements; path = Soupcan.entitlements; sourceTree = "<group>"; };
		34E62A472AFCABC9001BA022 /* Soupcan Extension.appex */ = {isa = PBXFileReference; explicitFileType = "wrapper.app-extension"; includeInIndex = 0; path = "Soupcan Extension.appex"; sourceTree = BUILT_PRODUCTS_DIR; };
		34E62A4C2AFCABC9001BA022 /* Info.plist */ = {isa = PBXFileReference; lastKnownFileType = text.plist.xml; path = Info.plist; sourceTree = "<group>"; };
		34E62A512AFCABC9001BA022 /* Soupcan Extension.appex */ = {isa = PBXFileReference; explicitFileType = "wrapper.app-extension"; includeInIndex = 0; path = "Soupcan Extension.appex"; sourceTree = BUILT_PRODUCTS_DIR; };
		34E62A562AFCABC9001BA022 /* Info.plist */ = {isa = PBXFileReference; lastKnownFileType = text.plist.xml; path = Info.plist; sourceTree = "<group>"; };
		34E62A572AFCABC9001BA022 /* Soupcan.entitlements */ = {isa = PBXFileReference; lastKnownFileType = text.plist.entitlements; path = Soupcan.entitlements; sourceTree = "<group>"; };
		34E62A772AFCABC9001BA022 /* bootstrap.min.css */ = {isa = PBXFileReference; lastKnownFileType = text.css; name = bootstrap.min.css; path = "../../soupcan-extension/manifest-v3/bootstrap.min.css"; sourceTree = "<group>"; };
		34E62A782AFCABC9001BA022 /* icon16.png */ = {isa = PBXFileReference; lastKnownFileType = image.png; name = icon16.png; path = "../../soupcan-extension/manifest-v3/icon16.png"; sourceTree = "<group>"; };
		34E62A792AFCABC9001BA022 /* database.js */ = {isa = PBXFileReference; lastKnownFileType = sourcecode.javascript; name = database.js; path = "../../soupcan-extension/manifest-v3/database.js"; sourceTree = "<group>"; };
		34E62A7A2AFCABC9001BA022 /* moderation.js */ = {isa = PBXFileReference; lastKnownFileType = sourcecode.javascript; name = moderation.js; path = "../../soupcan-extension/manifest-v3/moderation.js"; sourceTree = "<group>"; };
		34E62A7B2AFCABC9001BA022 /* manifest-firefox.json */ = {isa = PBXFileReference; lastKnownFileType = text.json; name = "manifest-firefox.json"; path = "../../soupcan-extension/manifest-v3/manifest-firefox.json"; sourceTree = "<group>"; };
		34E62A7C2AFCABC9001BA022 /* icon.png */ = {isa = PBXFileReference; lastKnownFileType = image.png; name = icon.png; path = "../../soupcan-extension/manifest-v3/icon.png"; sourceTree = "<group>"; };
		34E62A7D2AFCABC9001BA022 /* util.js */ = {isa = PBXFileReference; lastKnownFileType = sourcecode.javascript; name = util.js; path = "../../soupcan-extension/manifest-v3/util.js"; sourceTree = "<group>"; };
		34E62A7E2AFCABC9001BA022 /* soupcan.css */ = {isa = PBXFileReference; lastKnownFileType = text.css; name = soupcan.css; path = "../../soupcan-extension/manifest-v3/soupcan.css"; sourceTree = "<group>"; };
		34E62A7F2AFCABC9001BA022 /* icon400.png */ = {isa = PBXFileReference; lastKnownFileType = image.png; name = icon400.png; path = "../../soupcan-extension/manifest-v3/icon400.png"; sourceTree = "<group>"; };
		34E62A802AFCABC9001BA022 /* start.js */ = {isa = PBXFileReference; lastKnownFileType = sourcecode.javascript; name = start.js; path = "../../soupcan-extension/manifest-v3/start.js"; sourceTree = "<group>"; };
		34E62A812AFCABC9001BA022 /* media-matching.js */ = {isa = PBXFileReference; lastKnownFileType = sourcecode.javascript; name = "media-matching.js"; path = "../../soupcan-extension/manifest-v3/media-matching.js"; sourceTree = "<group>"; };
		34E62A822AFCABC9001BA022 /* background.js */ = {isa = PBXFileReference; lastKnownFileType = sourcecode.javascript; name = background.js; path = "../../soupcan-extension/manifest-v3/background.js"; sourceTree = "<group>"; };
		34E62A832AFCABC9001BA022 /* dist */ = {isa = PBXFileReference; lastKnownFileType = folder; name = dist; path = "../../soupcan-extension/manifest-v3/dist"; sourceTree = "<group>"; };
		34E62A842AFCABC9001BA022 /* awesome-notifications */ = {isa = PBXFileReference; lastKnownFileType = folder; name = "awesome-notifications"; path = "../../soupcan-extension/manifest-v3/awesome-notifications"; sourceTree = "<group>"; };
		34E62A852AFCABC9001BA022 /* images */ = {isa = PBXFileReference; lastKnownFileType = folder; name = images; path = "../../soupcan-extension/manifest-v3/images"; sourceTree = "<group>"; };
		34E62A862AFCABC9001BA022 /* icon48.png */ = {isa = PBXFileReference; lastKnownFileType = image.png; name = icon48.png; path = "../../soupcan-extension/manifest-v3/icon48.png"; sourceTree = "<group>"; };
		34E62A872AFCABC9001BA022 /* options.js */ = {isa = PBXFileReference; lastKnownFileType = sourcecode.javascript; name = options.js; path = "../../soupcan-extension/manifest-v3/options.js"; sourceTree = "<group>"; };
		34E62A882AFCABC9001BA022 /* moderation.html */ = {isa = PBXFileReference; lastKnownFileType = text.html; name = moderation.html; path = "../../soupcan-extension/manifest-v3/moderation.html"; sourceTree = "<group>"; };
		34E62A892AFCABC9001BA022 /* moderation.css */ = {isa = PBXFileReference; lastKnownFileType = text.css; name = moderation.css; path = "../../soupcan-extension/manifest-v3/moderation.css"; sourceTree = "<group>"; };
		34E62A8A2AFCABC9001BA022 /* bootstrap.bundle.min.js */ = {isa = PBXFileReference; lastKnownFileType = sourcecode.javascript; name = bootstrap.bundle.min.js; path = "../../soupcan-extension/manifest-v3/bootstrap.bundle.min.js"; sourceTree = "<group>"; };
		34E62A8B2AFCABC9001BA022 /* start.html */ = {isa = PBXFileReference; lastKnownFileType = text.html; name = start.html; path = "../../soupcan-extension/manifest-v3/start.html"; sourceTree = "<group>"; };
		34E62A8C2AFCABC9001BA022 /* theme.js */ = {isa = PBXFileReference; lastKnownFileType = sourcecode.javascript; name = theme.js; path = "../../soupcan-extension/manifest-v3/theme.js"; sourceTree = "<group>"; };
		34E62A8D2AFCABC9001BA022 /* shinigami_eyes_data2.js */ = {isa = PBXFileReference; lastKnownFileType = sourcecode.javascript; name = shinigami_eyes_data2.js; path = "../../soupcan-extension/manifest-v3/shinigami_eyes_data2.js"; sourceTree = "<group>"; };
		34E62A8E2AFCABC9001BA022 /* icon128.png */ = {isa = PBXFileReference; lastKnownFileType = image.png; name = icon128.png; path = "../../soupcan-extension/manifest-v3/icon128.png"; sourceTree = "<group>"; };
		34E62A8F2AFCABC9001BA022 /* fetch-progress.js */ = {isa = PBXFileReference; lastKnownFileType = sourcecode.javascript; name = "fetch-progress.js"; path = "../../soupcan-extension/manifest-v3/fetch-progress.js"; sourceTree = "<group>"; };
		34E62A902AFCABC9001BA022 /* shinigami_eyes_data1.js */ = {isa = PBXFileReference; lastKnownFileType = sourcecode.javascript; name = shinigami_eyes_data1.js; path = "../../soupcan-extension/manifest-v3/shinigami_eyes_data1.js"; sourceTree = "<group>"; };
		34E62A912AFCABC9001BA022 /* manifest.json */ = {isa = PBXFileReference; lastKnownFileType = text.json; name = manifest.json; path = "../../soupcan-extension/manifest-v3/manifest.json"; sourceTree = "<group>"; };
		34E62A922AFCABC9001BA022 /* start.css */ = {isa = PBXFileReference; lastKnownFileType = text.css; name = start.css; path = "../../soupcan-extension/manifest-v3/start.css"; sourceTree = "<group>"; };
		34E62A932AFCABC9001BA022 /* options.html */ = {isa = PBXFileReference; lastKnownFileType = text.html; name = options.html; path = "../../soupcan-extension/manifest-v3/options.html"; sourceTree = "<group>"; };
		34E62A942AFCABC9001BA022 /* soupcan.js */ = {isa = PBXFileReference; lastKnownFileType = sourcecode.javascript; name = soupcan.js; path = "../../soupcan-extension/manifest-v3/soupcan.js"; sourceTree = "<group>"; };
		34E62A952AFCABC9001BA022 /* _locales */ = {isa = PBXFileReference; lastKnownFileType = folder; name = _locales; path = "../../soupcan-extension/manifest-v3/_locales"; sourceTree = "<group>"; };
		34E62A962AFCABC9001BA022 /* shinigami.js */ = {isa = PBXFileReference; lastKnownFileType = sourcecode.javascript; name = shinigami.js; path = "../../soupcan-extension/manifest-v3/shinigami.js"; sourceTree = "<group>"; };
		34E62A972AFCABC9001BA022 /* fonts */ = {isa = PBXFileReference; lastKnownFileType = folder; name = fonts; path = "../../soupcan-extension/manifest-v3/fonts"; sourceTree = "<group>"; };
		34E62A982AFCABC9001BA022 /* icon24.png */ = {isa = PBXFileReference; lastKnownFileType = image.png; name = icon24.png; path = "../../soupcan-extension/manifest-v3/icon24.png"; sourceTree = "<group>"; };
		34E62A992AFCABC9001BA022 /* options.css */ = {isa = PBXFileReference; lastKnownFileType = text.css; name = options.css; path = "../../soupcan-extension/manifest-v3/options.css"; sourceTree = "<group>"; };
		34E62A9A2AFCABC9001BA022 /* create_extension_packages.py */ = {isa = PBXFileReference; lastKnownFileType = text.script.python; name = create_extension_packages.py; path = "../../soupcan-extension/manifest-v3/create_extension_packages.py"; sourceTree = "<group>"; };
		34E62A9B2AFCABC9001BA022 /* icon32.png */ = {isa = PBXFileReference; lastKnownFileType = image.png; name = icon32.png; path = "../../soupcan-extension/manifest-v3/icon32.png"; sourceTree = "<group>"; };
/* End PBXFileReference section */

/* Begin PBXFrameworksBuildPhase section */
		34E62A252AFCABC9001BA022 /* Frameworks */ = {
			isa = PBXFrameworksBuildPhase;
			buildActionMask = 2147483647;
			files = (
			);
			runOnlyForDeploymentPostprocessing = 0;
		};
		34E62A372AFCABC9001BA022 /* Frameworks */ = {
			isa = PBXFrameworksBuildPhase;
			buildActionMask = 2147483647;
			files = (
			);
			runOnlyForDeploymentPostprocessing = 0;
		};
		34E62A442AFCABC9001BA022 /* Frameworks */ = {
			isa = PBXFrameworksBuildPhase;
			buildActionMask = 2147483647;
			files = (
			);
			runOnlyForDeploymentPostprocessing = 0;
		};
		34E62A4E2AFCABC9001BA022 /* Frameworks */ = {
			isa = PBXFrameworksBuildPhase;
			buildActionMask = 2147483647;
			files = (
			);
			runOnlyForDeploymentPostprocessing = 0;
		};
/* End PBXFrameworksBuildPhase section */

/* Begin PBXGroup section */
		34E62A142AFCABC8001BA022 = {
			isa = PBXGroup;
			children = (
				34E62A192AFCABC8001BA022 /* Shared (App) */,
				34E62A222AFCABC9001BA022 /* Shared (Extension) */,
				34E62A2A2AFCABC9001BA022 /* iOS (App) */,
				34E62A3B2AFCABC9001BA022 /* macOS (App) */,
				34E62A4B2AFCABC9001BA022 /* iOS (Extension) */,
				34E62A552AFCABC9001BA022 /* macOS (Extension) */,
				34E62A292AFCABC9001BA022 /* Products */,
			);
			sourceTree = "<group>";
		};
		34E62A192AFCABC8001BA022 /* Shared (App) */ = {
			isa = PBXGroup;
			children = (
				34E62A202AFCABC8001BA022 /* ViewController.swift */,
				34E62A212AFCABC9001BA022 /* Assets.xcassets */,
				34E62A1A2AFCABC8001BA022 /* Resources */,
			);
			path = "Shared (App)";
			sourceTree = "<group>";
		};
		34E62A1A2AFCABC8001BA022 /* Resources */ = {
			isa = PBXGroup;
			children = (
				34E62A1B2AFCABC8001BA022 /* Main.html */,
				34E62A1D2AFCABC8001BA022 /* Icon.png */,
				34E62A1E2AFCABC8001BA022 /* Style.css */,
				34E62A1F2AFCABC8001BA022 /* Script.js */,
			);
			path = Resources;
			sourceTree = "<group>";
		};
		34E62A222AFCABC9001BA022 /* Shared (Extension) */ = {
			isa = PBXGroup;
			children = (
				34E62A762AFCABC9001BA022 /* Resources */,
				34E62A232AFCABC9001BA022 /* SafariWebExtensionHandler.swift */,
			);
			path = "Shared (Extension)";
			sourceTree = "<group>";
		};
		34E62A292AFCABC9001BA022 /* Products */ = {
			isa = PBXGroup;
			children = (
				34E62A282AFCABC9001BA022 /* Soupcan.app */,
				34E62A3A2AFCABC9001BA022 /* Soupcan.app */,
				34E62A472AFCABC9001BA022 /* Soupcan Extension.appex */,
				34E62A512AFCABC9001BA022 /* Soupcan Extension.appex */,
			);
			name = Products;
			sourceTree = "<group>";
		};
		34E62A2A2AFCABC9001BA022 /* iOS (App) */ = {
			isa = PBXGroup;
			children = (
				34E62A2B2AFCABC9001BA022 /* AppDelegate.swift */,
				34E62A2D2AFCABC9001BA022 /* SceneDelegate.swift */,
				34E62A2F2AFCABC9001BA022 /* LaunchScreen.storyboard */,
				34E62A322AFCABC9001BA022 /* Main.storyboard */,
				34E62A352AFCABC9001BA022 /* Info.plist */,
			);
			path = "iOS (App)";
			sourceTree = "<group>";
		};
		34E62A3B2AFCABC9001BA022 /* macOS (App) */ = {
			isa = PBXGroup;
			children = (
				34E62A3C2AFCABC9001BA022 /* AppDelegate.swift */,
				34E62A3E2AFCABC9001BA022 /* Main.storyboard */,
				34E62A412AFCABC9001BA022 /* Info.plist */,
				34E62A422AFCABC9001BA022 /* Soupcan.entitlements */,
			);
			path = "macOS (App)";
			sourceTree = "<group>";
		};
		34E62A4B2AFCABC9001BA022 /* iOS (Extension) */ = {
			isa = PBXGroup;
			children = (
				34E62A4C2AFCABC9001BA022 /* Info.plist */,
			);
			path = "iOS (Extension)";
			sourceTree = "<group>";
		};
		34E62A552AFCABC9001BA022 /* macOS (Extension) */ = {
			isa = PBXGroup;
			children = (
				34E62A562AFCABC9001BA022 /* Info.plist */,
				34E62A572AFCABC9001BA022 /* Soupcan.entitlements */,
			);
			path = "macOS (Extension)";
			sourceTree = "<group>";
		};
		34E62A762AFCABC9001BA022 /* Resources */ = {
			isa = PBXGroup;
			children = (
				34E62A772AFCABC9001BA022 /* bootstrap.min.css */,
				34E62A782AFCABC9001BA022 /* icon16.png */,
				34E62A792AFCABC9001BA022 /* database.js */,
				34E62A7A2AFCABC9001BA022 /* moderation.js */,
				34E62A7B2AFCABC9001BA022 /* manifest-firefox.json */,
				34E62A7C2AFCABC9001BA022 /* icon.png */,
				34E62A7D2AFCABC9001BA022 /* util.js */,
				34E62A7E2AFCABC9001BA022 /* soupcan.css */,
				34E62A7F2AFCABC9001BA022 /* icon400.png */,
				34E62A802AFCABC9001BA022 /* start.js */,
				34E62A812AFCABC9001BA022 /* media-matching.js */,
				34E62A822AFCABC9001BA022 /* background.js */,
				34E62A832AFCABC9001BA022 /* dist */,
				34E62A842AFCABC9001BA022 /* awesome-notifications */,
				34E62A852AFCABC9001BA022 /* images */,
				34E62A862AFCABC9001BA022 /* icon48.png */,
				34E62A872AFCABC9001BA022 /* options.js */,
				34E62A882AFCABC9001BA022 /* moderation.html */,
				34E62A892AFCABC9001BA022 /* moderation.css */,
				34E62A8A2AFCABC9001BA022 /* bootstrap.bundle.min.js */,
				34E62A8B2AFCABC9001BA022 /* start.html */,
				34E62A8C2AFCABC9001BA022 /* theme.js */,
				34E62A8D2AFCABC9001BA022 /* shinigami_eyes_data2.js */,
				34E62A8E2AFCABC9001BA022 /* icon128.png */,
				34E62A8F2AFCABC9001BA022 /* fetch-progress.js */,
				34E62A902AFCABC9001BA022 /* shinigami_eyes_data1.js */,
				34E62A912AFCABC9001BA022 /* manifest.json */,
				34E62A922AFCABC9001BA022 /* start.css */,
				34E62A932AFCABC9001BA022 /* options.html */,
				34E62A942AFCABC9001BA022 /* soupcan.js */,
				34E62A952AFCABC9001BA022 /* _locales */,
				34E62A962AFCABC9001BA022 /* shinigami.js */,
				34E62A972AFCABC9001BA022 /* fonts */,
				34E62A982AFCABC9001BA022 /* icon24.png */,
				34E62A992AFCABC9001BA022 /* options.css */,
				34E62A9A2AFCABC9001BA022 /* create_extension_packages.py */,
				34E62A9B2AFCABC9001BA022 /* icon32.png */,
			);
			name = Resources;
			path = "Shared (Extension)";
			sourceTree = SOURCE_ROOT;
		};
/* End PBXGroup section */

/* Begin PBXNativeTarget section */
		34E62A272AFCABC9001BA022 /* Soupcan (iOS) */ = {
			isa = PBXNativeTarget;
			buildConfigurationList = 34E62A6C2AFCABC9001BA022 /* Build configuration list for PBXNativeTarget "Soupcan (iOS)" */;
			buildPhases = (
				34E62A242AFCABC9001BA022 /* Sources */,
				34E62A252AFCABC9001BA022 /* Frameworks */,
				34E62A262AFCABC9001BA022 /* Resources */,
				34E62A6B2AFCABC9001BA022 /* Embed Foundation Extensions */,
			);
			buildRules = (
			);
			dependencies = (
				34E62A4A2AFCABC9001BA022 /* PBXTargetDependency */,
			);
			name = "Soupcan (iOS)";
			productName = "Soupcan (iOS)";
			productReference = 34E62A282AFCABC9001BA022 /* Soupcan.app */;
			productType = "com.apple.product-type.application";
		};
		34E62A392AFCABC9001BA022 /* Soupcan (macOS) */ = {
			isa = PBXNativeTarget;
			buildConfigurationList = 34E62A732AFCABC9001BA022 /* Build configuration list for PBXNativeTarget "Soupcan (macOS)" */;
			buildPhases = (
				34E62A362AFCABC9001BA022 /* Sources */,
				34E62A372AFCABC9001BA022 /* Frameworks */,
				34E62A382AFCABC9001BA022 /* Resources */,
				34E62A722AFCABC9001BA022 /* Embed Foundation Extensions */,
			);
			buildRules = (
			);
			dependencies = (
				34E62A542AFCABC9001BA022 /* PBXTargetDependency */,
			);
			name = "Soupcan (macOS)";
			productName = "Soupcan (macOS)";
			productReference = 34E62A3A2AFCABC9001BA022 /* Soupcan.app */;
			productType = "com.apple.product-type.application";
		};
		34E62A462AFCABC9001BA022 /* Soupcan Extension (iOS) */ = {
			isa = PBXNativeTarget;
			buildConfigurationList = 34E62A682AFCABC9001BA022 /* Build configuration list for PBXNativeTarget "Soupcan Extension (iOS)" */;
			buildPhases = (
				34E62A432AFCABC9001BA022 /* Sources */,
				34E62A442AFCABC9001BA022 /* Frameworks */,
				34E62A452AFCABC9001BA022 /* Resources */,
			);
			buildRules = (
			);
			dependencies = (
			);
			name = "Soupcan Extension (iOS)";
			productName = "Soupcan Extension (iOS)";
			productReference = 34E62A472AFCABC9001BA022 /* Soupcan Extension.appex */;
			productType = "com.apple.product-type.app-extension";
		};
		34E62A502AFCABC9001BA022 /* Soupcan Extension (macOS) */ = {
			isa = PBXNativeTarget;
			buildConfigurationList = 34E62A6F2AFCABC9001BA022 /* Build configuration list for PBXNativeTarget "Soupcan Extension (macOS)" */;
			buildPhases = (
				34E62A4D2AFCABC9001BA022 /* Sources */,
				34E62A4E2AFCABC9001BA022 /* Frameworks */,
				34E62A4F2AFCABC9001BA022 /* Resources */,
			);
			buildRules = (
			);
			dependencies = (
			);
			name = "Soupcan Extension (macOS)";
			productName = "Soupcan Extension (macOS)";
			productReference = 34E62A512AFCABC9001BA022 /* Soupcan Extension.appex */;
			productType = "com.apple.product-type.app-extension";
		};
/* End PBXNativeTarget section */

/* Begin PBXProject section */
		34E62A152AFCABC8001BA022 /* Project object */ = {
			isa = PBXProject;
			attributes = {
				BuildIndependentTargetsInParallel = 1;
				LastSwiftUpdateCheck = 1510;
				LastUpgradeCheck = 1510;
				TargetAttributes = {
					34E62A272AFCABC9001BA022 = {
						CreatedOnToolsVersion = 15.1;
					};
					34E62A392AFCABC9001BA022 = {
						CreatedOnToolsVersion = 15.1;
					};
					34E62A462AFCABC9001BA022 = {
						CreatedOnToolsVersion = 15.1;
					};
					34E62A502AFCABC9001BA022 = {
						CreatedOnToolsVersion = 15.1;
					};
				};
			};
			buildConfigurationList = 34E62A182AFCABC8001BA022 /* Build configuration list for PBXProject "Soupcan" */;
			compatibilityVersion = "Xcode 14.0";
			developmentRegion = en;
			hasScannedForEncodings = 0;
			knownRegions = (
				en,
				Base,
			);
			mainGroup = 34E62A142AFCABC8001BA022;
			productRefGroup = 34E62A292AFCABC9001BA022 /* Products */;
			projectDirPath = "";
			projectRoot = "";
			targets = (
				34E62A272AFCABC9001BA022 /* Soupcan (iOS) */,
				34E62A392AFCABC9001BA022 /* Soupcan (macOS) */,
				34E62A462AFCABC9001BA022 /* Soupcan Extension (iOS) */,
				34E62A502AFCABC9001BA022 /* Soupcan Extension (macOS) */,
			);
		};
/* End PBXProject section */

/* Begin PBXResourcesBuildPhase section */
		34E62A262AFCABC9001BA022 /* Resources */ = {
			isa = PBXResourcesBuildPhase;
			buildActionMask = 2147483647;
			files = (
				34E62A5A2AFCABC9001BA022 /* Icon.png in Resources */,
				34E62A312AFCABC9001BA022 /* LaunchScreen.storyboard in Resources */,
				34E62A582AFCABC9001BA022 /* Main.html in Resources */,
				34E62A5E2AFCABC9001BA022 /* Script.js in Resources */,
				34E62A622AFCABC9001BA022 /* Assets.xcassets in Resources */,
				34E62A342AFCABC9001BA022 /* Main.storyboard in Resources */,
				34E62A5C2AFCABC9001BA022 /* Style.css in Resources */,
			);
			runOnlyForDeploymentPostprocessing = 0;
		};
		34E62A382AFCABC9001BA022 /* Resources */ = {
			isa = PBXResourcesBuildPhase;
			buildActionMask = 2147483647;
			files = (
				34E62A5B2AFCABC9001BA022 /* Icon.png in Resources */,
				34E62A5D2AFCABC9001BA022 /* Style.css in Resources */,
				34E62A402AFCABC9001BA022 /* Main.storyboard in Resources */,
				34E62A5F2AFCABC9001BA022 /* Script.js in Resources */,
				34E62A632AFCABC9001BA022 /* Assets.xcassets in Resources */,
				34E62A592AFCABC9001BA022 /* Main.html in Resources */,
			);
			runOnlyForDeploymentPostprocessing = 0;
		};
		34E62A452AFCABC9001BA022 /* Resources */ = {
			isa = PBXResourcesBuildPhase;
			buildActionMask = 2147483647;
			files = (
				34E62AE12AFCABC9001BA022 /* fonts in Resources */,
				34E62ACF2AFCABC9001BA022 /* images in Resources */,
				34E62AC12AFCABC9001BA022 /* bootstrap.min.css in Resources */,
				34E62ADF2AFCABC9001BA022 /* _locales in Resources */,
				34E62AD82AFCABC9001BA022 /* icon128.png in Resources */,
				34E62AD02AFCABC9001BA022 /* icon48.png in Resources */,
				34E62ACA2AFCABC9001BA022 /* start.js in Resources */,
				34E62AD52AFCABC9001BA022 /* start.html in Resources */,
				34E62AD22AFCABC9001BA022 /* moderation.html in Resources */,
				34E62ACD2AFCABC9001BA022 /* dist in Resources */,
				34E62AC52AFCABC9001BA022 /* manifest-firefox.json in Resources */,
				34E62AC92AFCABC9001BA022 /* icon400.png in Resources */,
				34E62ACE2AFCABC9001BA022 /* awesome-notifications in Resources */,
				34E62ADD2AFCABC9001BA022 /* options.html in Resources */,
				34E62AD62AFCABC9001BA022 /* theme.js in Resources */,
				34E62ACC2AFCABC9001BA022 /* background.js in Resources */,
				34E62ADB2AFCABC9001BA022 /* manifest.json in Resources */,
				34E62AE02AFCABC9001BA022 /* shinigami.js in Resources */,
				34E62AD72AFCABC9001BA022 /* shinigami_eyes_data2.js in Resources */,
				34E62AD42AFCABC9001BA022 /* bootstrap.bundle.min.js in Resources */,
				34E62AD12AFCABC9001BA022 /* options.js in Resources */,
				34E62AC72AFCABC9001BA022 /* util.js in Resources */,
				34E62ADC2AFCABC9001BA022 /* start.css in Resources */,
				34E62ADE2AFCABC9001BA022 /* soupcan.js in Resources */,
				34E62AE22AFCABC9001BA022 /* icon24.png in Resources */,
				34E62AE52AFCABC9001BA022 /* icon32.png in Resources */,
				34E62AC82AFCABC9001BA022 /* soupcan.css in Resources */,
				34E62AC62AFCABC9001BA022 /* icon.png in Resources */,
				34E62AC22AFCABC9001BA022 /* icon16.png in Resources */,
				34E62AD32AFCABC9001BA022 /* moderation.css in Resources */,
				34E62AE42AFCABC9001BA022 /* create_extension_packages.py in Resources */,
				34E62AC42AFCABC9001BA022 /* moderation.js in Resources */,
				34E62AD92AFCABC9001BA022 /* fetch-progress.js in Resources */,
				34E62ACB2AFCABC9001BA022 /* media-matching.js in Resources */,
				34E62AE32AFCABC9001BA022 /* options.css in Resources */,
				34E62ADA2AFCABC9001BA022 /* shinigami_eyes_data1.js in Resources */,
				34E62AC32AFCABC9001BA022 /* database.js in Resources */,
			);
			runOnlyForDeploymentPostprocessing = 0;
		};
		34E62A4F2AFCABC9001BA022 /* Resources */ = {
			isa = PBXResourcesBuildPhase;
			buildActionMask = 2147483647;
			files = (
				34E62ABC2AFCABC9001BA022 /* fonts in Resources */,
				34E62AAA2AFCABC9001BA022 /* images in Resources */,
				34E62A9C2AFCABC9001BA022 /* bootstrap.min.css in Resources */,
				34E62ABA2AFCABC9001BA022 /* _locales in Resources */,
				34E62AB32AFCABC9001BA022 /* icon128.png in Resources */,
				34E62AAB2AFCABC9001BA022 /* icon48.png in Resources */,
				34E62AA52AFCABC9001BA022 /* start.js in Resources */,
				34E62AB02AFCABC9001BA022 /* start.html in Resources */,
				34E62AAD2AFCABC9001BA022 /* moderation.html in Resources */,
				34E62AA82AFCABC9001BA022 /* dist in Resources */,
				34E62AA02AFCABC9001BA022 /* manifest-firefox.json in Resources */,
				34E62AA42AFCABC9001BA022 /* icon400.png in Resources */,
				34E62AA92AFCABC9001BA022 /* awesome-notifications in Resources */,
				34E62AB82AFCABC9001BA022 /* options.html in Resources */,
				34E62AB12AFCABC9001BA022 /* theme.js in Resources */,
				34E62AA72AFCABC9001BA022 /* background.js in Resources */,
				34E62AB62AFCABC9001BA022 /* manifest.json in Resources */,
				34E62ABB2AFCABC9001BA022 /* shinigami.js in Resources */,
				34E62AB22AFCABC9001BA022 /* shinigami_eyes_data2.js in Resources */,
				34E62AAF2AFCABC9001BA022 /* bootstrap.bundle.min.js in Resources */,
				34E62AAC2AFCABC9001BA022 /* options.js in Resources */,
				34E62AA22AFCABC9001BA022 /* util.js in Resources */,
				34E62AB72AFCABC9001BA022 /* start.css in Resources */,
				34E62AB92AFCABC9001BA022 /* soupcan.js in Resources */,
				34E62ABD2AFCABC9001BA022 /* icon24.png in Resources */,
				34E62AC02AFCABC9001BA022 /* icon32.png in Resources */,
				34E62AA32AFCABC9001BA022 /* soupcan.css in Resources */,
				34E62AA12AFCABC9001BA022 /* icon.png in Resources */,
				34E62A9D2AFCABC9001BA022 /* icon16.png in Resources */,
				34E62AAE2AFCABC9001BA022 /* moderation.css in Resources */,
				34E62ABF2AFCABC9001BA022 /* create_extension_packages.py in Resources */,
				34E62A9F2AFCABC9001BA022 /* moderation.js in Resources */,
				34E62AB42AFCABC9001BA022 /* fetch-progress.js in Resources */,
				34E62AA62AFCABC9001BA022 /* media-matching.js in Resources */,
				34E62ABE2AFCABC9001BA022 /* options.css in Resources */,
				34E62AB52AFCABC9001BA022 /* shinigami_eyes_data1.js in Resources */,
				34E62A9E2AFCABC9001BA022 /* database.js in Resources */,
			);
			runOnlyForDeploymentPostprocessing = 0;
		};
/* End PBXResourcesBuildPhase section */

/* Begin PBXSourcesBuildPhase section */
		34E62A242AFCABC9001BA022 /* Sources */ = {
			isa = PBXSourcesBuildPhase;
			buildActionMask = 2147483647;
			files = (
				34E62A602AFCABC9001BA022 /* ViewController.swift in Sources */,
				34E62A2C2AFCABC9001BA022 /* AppDelegate.swift in Sources */,
				34E62A2E2AFCABC9001BA022 /* SceneDelegate.swift in Sources */,
			);
			runOnlyForDeploymentPostprocessing = 0;
		};
		34E62A362AFCABC9001BA022 /* Sources */ = {
			isa = PBXSourcesBuildPhase;
			buildActionMask = 2147483647;
			files = (
				34E62A612AFCABC9001BA022 /* ViewController.swift in Sources */,
				34E62A3D2AFCABC9001BA022 /* AppDelegate.swift in Sources */,
			);
			runOnlyForDeploymentPostprocessing = 0;
		};
		34E62A432AFCABC9001BA022 /* Sources */ = {
			isa = PBXSourcesBuildPhase;
			buildActionMask = 2147483647;
			files = (
				34E62A642AFCABC9001BA022 /* SafariWebExtensionHandler.swift in Sources */,
			);
			runOnlyForDeploymentPostprocessing = 0;
		};
		34E62A4D2AFCABC9001BA022 /* Sources */ = {
			isa = PBXSourcesBuildPhase;
			buildActionMask = 2147483647;
			files = (
				34E62A652AFCABC9001BA022 /* SafariWebExtensionHandler.swift in Sources */,
			);
			runOnlyForDeploymentPostprocessing = 0;
		};
/* End PBXSourcesBuildPhase section */

/* Begin PBXTargetDependency section */
		34E62A4A2AFCABC9001BA022 /* PBXTargetDependency */ = {
			isa = PBXTargetDependency;
			target = 34E62A462AFCABC9001BA022 /* Soupcan Extension (iOS) */;
			targetProxy = 34E62A492AFCABC9001BA022 /* PBXContainerItemProxy */;
		};
		34E62A542AFCABC9001BA022 /* PBXTargetDependency */ = {
			isa = PBXTargetDependency;
			target = 34E62A502AFCABC9001BA022 /* Soupcan Extension (macOS) */;
			targetProxy = 34E62A532AFCABC9001BA022 /* PBXContainerItemProxy */;
		};
/* End PBXTargetDependency section */

/* Begin PBXVariantGroup section */
		34E62A1B2AFCABC8001BA022 /* Main.html */ = {
			isa = PBXVariantGroup;
			children = (
				34E62A1C2AFCABC8001BA022 /* Base */,
			);
			name = Main.html;
			sourceTree = "<group>";
		};
		34E62A2F2AFCABC9001BA022 /* LaunchScreen.storyboard */ = {
			isa = PBXVariantGroup;
			children = (
				34E62A302AFCABC9001BA022 /* Base */,
			);
			name = LaunchScreen.storyboard;
			sourceTree = "<group>";
		};
		34E62A322AFCABC9001BA022 /* Main.storyboard */ = {
			isa = PBXVariantGroup;
			children = (
				34E62A332AFCABC9001BA022 /* Base */,
			);
			name = Main.storyboard;
			sourceTree = "<group>";
		};
		34E62A3E2AFCABC9001BA022 /* Main.storyboard */ = {
			isa = PBXVariantGroup;
			children = (
				34E62A3F2AFCABC9001BA022 /* Base */,
			);
			name = Main.storyboard;
			sourceTree = "<group>";
		};
/* End PBXVariantGroup section */

/* Begin XCBuildConfiguration section */
		34E62A662AFCABC9001BA022 /* Debug */ = {
			isa = XCBuildConfiguration;
			buildSettings = {
				ALWAYS_SEARCH_USER_PATHS = NO;
				ASSETCATALOG_COMPILER_GENERATE_SWIFT_ASSET_SYMBOL_EXTENSIONS = YES;
				CLANG_ANALYZER_NONNULL = YES;
				CLANG_ANALYZER_NUMBER_OBJECT_CONVERSION = YES_AGGRESSIVE;
				CLANG_CXX_LANGUAGE_STANDARD = "gnu++20";
				CLANG_ENABLE_MODULES = YES;
				CLANG_ENABLE_OBJC_ARC = YES;
				CLANG_ENABLE_OBJC_WEAK = YES;
				CLANG_WARN_BLOCK_CAPTURE_AUTORELEASING = YES;
				CLANG_WARN_BOOL_CONVERSION = YES;
				CLANG_WARN_COMMA = YES;
				CLANG_WARN_CONSTANT_CONVERSION = YES;
				CLANG_WARN_DEPRECATED_OBJC_IMPLEMENTATIONS = YES;
				CLANG_WARN_DIRECT_OBJC_ISA_USAGE = YES_ERROR;
				CLANG_WARN_DOCUMENTATION_COMMENTS = YES;
				CLANG_WARN_EMPTY_BODY = YES;
				CLANG_WARN_ENUM_CONVERSION = YES;
				CLANG_WARN_INFINITE_RECURSION = YES;
				CLANG_WARN_INT_CONVERSION = YES;
				CLANG_WARN_NON_LITERAL_NULL_CONVERSION = YES;
				CLANG_WARN_OBJC_IMPLICIT_RETAIN_SELF = YES;
				CLANG_WARN_OBJC_LITERAL_CONVERSION = YES;
				CLANG_WARN_OBJC_ROOT_CLASS = YES_ERROR;
				CLANG_WARN_QUOTED_INCLUDE_IN_FRAMEWORK_HEADER = YES;
				CLANG_WARN_RANGE_LOOP_ANALYSIS = YES;
				CLANG_WARN_STRICT_PROTOTYPES = YES;
				CLANG_WARN_SUSPICIOUS_MOVE = YES;
				CLANG_WARN_UNGUARDED_AVAILABILITY = YES_AGGRESSIVE;
				CLANG_WARN_UNREACHABLE_CODE = YES;
				CLANG_WARN__DUPLICATE_METHOD_MATCH = YES;
				COPY_PHASE_STRIP = NO;
				DEBUG_INFORMATION_FORMAT = dwarf;
				ENABLE_STRICT_OBJC_MSGSEND = YES;
				ENABLE_TESTABILITY = YES;
				ENABLE_USER_SCRIPT_SANDBOXING = YES;
				GCC_C_LANGUAGE_STANDARD = gnu17;
				GCC_DYNAMIC_NO_PIC = NO;
				GCC_NO_COMMON_BLOCKS = YES;
				GCC_OPTIMIZATION_LEVEL = 0;
				GCC_PREPROCESSOR_DEFINITIONS = (
					"DEBUG=1",
					"$(inherited)",
				);
				GCC_WARN_64_TO_32_BIT_CONVERSION = YES;
				GCC_WARN_ABOUT_RETURN_TYPE = YES_ERROR;
				GCC_WARN_UNDECLARED_SELECTOR = YES;
				GCC_WARN_UNINITIALIZED_AUTOS = YES_AGGRESSIVE;
				GCC_WARN_UNUSED_FUNCTION = YES;
				GCC_WARN_UNUSED_VARIABLE = YES;
				LOCALIZATION_PREFERS_STRING_CATALOGS = YES;
				MTL_ENABLE_DEBUG_INFO = INCLUDE_SOURCE;
				MTL_FAST_MATH = YES;
				ONLY_ACTIVE_ARCH = YES;
				SWIFT_ACTIVE_COMPILATION_CONDITIONS = "DEBUG $(inherited)";
				SWIFT_OPTIMIZATION_LEVEL = "-Onone";
			};
			name = Debug;
		};
		34E62A672AFCABC9001BA022 /* Release */ = {
			isa = XCBuildConfiguration;
			buildSettings = {
				ALWAYS_SEARCH_USER_PATHS = NO;
				ASSETCATALOG_COMPILER_GENERATE_SWIFT_ASSET_SYMBOL_EXTENSIONS = YES;
				CLANG_ANALYZER_NONNULL = YES;
				CLANG_ANALYZER_NUMBER_OBJECT_CONVERSION = YES_AGGRESSIVE;
				CLANG_CXX_LANGUAGE_STANDARD = "gnu++20";
				CLANG_ENABLE_MODULES = YES;
				CLANG_ENABLE_OBJC_ARC = YES;
				CLANG_ENABLE_OBJC_WEAK = YES;
				CLANG_WARN_BLOCK_CAPTURE_AUTORELEASING = YES;
				CLANG_WARN_BOOL_CONVERSION = YES;
				CLANG_WARN_COMMA = YES;
				CLANG_WARN_CONSTANT_CONVERSION = YES;
				CLANG_WARN_DEPRECATED_OBJC_IMPLEMENTATIONS = YES;
				CLANG_WARN_DIRECT_OBJC_ISA_USAGE = YES_ERROR;
				CLANG_WARN_DOCUMENTATION_COMMENTS = YES;
				CLANG_WARN_EMPTY_BODY = YES;
				CLANG_WARN_ENUM_CONVERSION = YES;
				CLANG_WARN_INFINITE_RECURSION = YES;
				CLANG_WARN_INT_CONVERSION = YES;
				CLANG_WARN_NON_LITERAL_NULL_CONVERSION = YES;
				CLANG_WARN_OBJC_IMPLICIT_RETAIN_SELF = YES;
				CLANG_WARN_OBJC_LITERAL_CONVERSION = YES;
				CLANG_WARN_OBJC_ROOT_CLASS = YES_ERROR;
				CLANG_WARN_QUOTED_INCLUDE_IN_FRAMEWORK_HEADER = YES;
				CLANG_WARN_RANGE_LOOP_ANALYSIS = YES;
				CLANG_WARN_STRICT_PROTOTYPES = YES;
				CLANG_WARN_SUSPICIOUS_MOVE = YES;
				CLANG_WARN_UNGUARDED_AVAILABILITY = YES_AGGRESSIVE;
				CLANG_WARN_UNREACHABLE_CODE = YES;
				CLANG_WARN__DUPLICATE_METHOD_MATCH = YES;
				COPY_PHASE_STRIP = NO;
				DEBUG_INFORMATION_FORMAT = "dwarf-with-dsym";
				ENABLE_NS_ASSERTIONS = NO;
				ENABLE_STRICT_OBJC_MSGSEND = YES;
				ENABLE_USER_SCRIPT_SANDBOXING = YES;
				GCC_C_LANGUAGE_STANDARD = gnu17;
				GCC_NO_COMMON_BLOCKS = YES;
				GCC_WARN_64_TO_32_BIT_CONVERSION = YES;
				GCC_WARN_ABOUT_RETURN_TYPE = YES_ERROR;
				GCC_WARN_UNDECLARED_SELECTOR = YES;
				GCC_WARN_UNINITIALIZED_AUTOS = YES_AGGRESSIVE;
				GCC_WARN_UNUSED_FUNCTION = YES;
				GCC_WARN_UNUSED_VARIABLE = YES;
				LOCALIZATION_PREFERS_STRING_CATALOGS = YES;
				MTL_ENABLE_DEBUG_INFO = NO;
				MTL_FAST_MATH = YES;
				SWIFT_COMPILATION_MODE = wholemodule;
			};
			name = Release;
		};
		34E62A692AFCABC9001BA022 /* Debug */ = {
			isa = XCBuildConfiguration;
			buildSettings = {
				CODE_SIGN_STYLE = Automatic;
				CURRENT_PROJECT_VERSION = 1;
				DEVELOPMENT_TEAM = QDTZ75F9K4;
				GENERATE_INFOPLIST_FILE = YES;
				INFOPLIST_FILE = "iOS (Extension)/Info.plist";
				INFOPLIST_KEY_CFBundleDisplayName = "Soupcan Extension";
				INFOPLIST_KEY_NSHumanReadableCopyright = "";
				IPHONEOS_DEPLOYMENT_TARGET = 15.0;
				LD_RUNPATH_SEARCH_PATHS = (
					"$(inherited)",
					"@executable_path/Frameworks",
					"@executable_path/../../Frameworks",
				);
				MARKETING_VERSION = 1.0;
				OTHER_LDFLAGS = (
					"-framework",
					SafariServices,
				);
				PRODUCT_BUNDLE_IDENTIFIER = net.acrossthecloud.Soupcan.SafariExtension;
				PRODUCT_NAME = "Soupcan Extension";
				SDKROOT = iphoneos;
				SKIP_INSTALL = YES;
				SWIFT_EMIT_LOC_STRINGS = YES;
				SWIFT_VERSION = 5.0;
				TARGETED_DEVICE_FAMILY = "1,2";
			};
			name = Debug;
		};
		34E62A6A2AFCABC9001BA022 /* Release */ = {
			isa = XCBuildConfiguration;
			buildSettings = {
				CODE_SIGN_STYLE = Automatic;
				CURRENT_PROJECT_VERSION = 1;
				DEVELOPMENT_TEAM = QDTZ75F9K4;
				GENERATE_INFOPLIST_FILE = YES;
				INFOPLIST_FILE = "iOS (Extension)/Info.plist";
				INFOPLIST_KEY_CFBundleDisplayName = "Soupcan Extension";
				INFOPLIST_KEY_NSHumanReadableCopyright = "";
				IPHONEOS_DEPLOYMENT_TARGET = 15.0;
				LD_RUNPATH_SEARCH_PATHS = (
					"$(inherited)",
					"@executable_path/Frameworks",
					"@executable_path/../../Frameworks",
				);
				MARKETING_VERSION = 1.0;
				OTHER_LDFLAGS = (
					"-framework",
					SafariServices,
				);
				PRODUCT_BUNDLE_IDENTIFIER = net.acrossthecloud.Soupcan.SafariExtension;
				PRODUCT_NAME = "Soupcan Extension";
				SDKROOT = iphoneos;
				SKIP_INSTALL = YES;
				SWIFT_EMIT_LOC_STRINGS = YES;
				SWIFT_VERSION = 5.0;
				TARGETED_DEVICE_FAMILY = "1,2";
				VALIDATE_PRODUCT = YES;
			};
			name = Release;
		};
		34E62A6D2AFCABC9001BA022 /* Debug */ = {
			isa = XCBuildConfiguration;
			buildSettings = {
				ALWAYS_EMBED_SWIFT_STANDARD_LIBRARIES = YES;
				ASSETCATALOG_COMPILER_APPICON_NAME = AppIcon;
				ASSETCATALOG_COMPILER_GLOBAL_ACCENT_COLOR_NAME = AccentColor;
				CODE_SIGN_STYLE = Automatic;
				CURRENT_PROJECT_VERSION = 1;
				DEVELOPMENT_TEAM = QDTZ75F9K4;
				GENERATE_INFOPLIST_FILE = YES;
				INFOPLIST_FILE = "iOS (App)/Info.plist";
				INFOPLIST_KEY_CFBundleDisplayName = Soupcan;
				INFOPLIST_KEY_UIApplicationSupportsIndirectInputEvents = YES;
				INFOPLIST_KEY_UILaunchStoryboardName = LaunchScreen;
				INFOPLIST_KEY_UIMainStoryboardFile = Main;
				INFOPLIST_KEY_UISupportedInterfaceOrientations = "UIInterfaceOrientationPortrait UIInterfaceOrientationLandscapeLeft UIInterfaceOrientationLandscapeRight";
				INFOPLIST_KEY_UISupportedInterfaceOrientations_iPad = "UIInterfaceOrientationPortrait UIInterfaceOrientationPortraitUpsideDown UIInterfaceOrientationLandscapeLeft UIInterfaceOrientationLandscapeRight";
				IPHONEOS_DEPLOYMENT_TARGET = 15.0;
				LD_RUNPATH_SEARCH_PATHS = (
					"$(inherited)",
					"@executable_path/Frameworks",
				);
				MARKETING_VERSION = 0.12.3;
				OTHER_LDFLAGS = (
					"-framework",
					SafariServices,
					"-framework",
					WebKit,
				);
				PRODUCT_BUNDLE_IDENTIFIER = net.acrossthecloud.Soupcan;
				PRODUCT_NAME = Soupcan;
				SDKROOT = iphoneos;
				SWIFT_EMIT_LOC_STRINGS = YES;
				SWIFT_VERSION = 5.0;
				TARGETED_DEVICE_FAMILY = "1,2";
			};
			name = Debug;
		};
		34E62A6E2AFCABC9001BA022 /* Release */ = {
			isa = XCBuildConfiguration;
			buildSettings = {
				ALWAYS_EMBED_SWIFT_STANDARD_LIBRARIES = YES;
				ASSETCATALOG_COMPILER_APPICON_NAME = AppIcon;
				ASSETCATALOG_COMPILER_GLOBAL_ACCENT_COLOR_NAME = AccentColor;
				CODE_SIGN_STYLE = Automatic;
				CURRENT_PROJECT_VERSION = 1;
				DEVELOPMENT_TEAM = QDTZ75F9K4;
				GENERATE_INFOPLIST_FILE = YES;
				INFOPLIST_FILE = "iOS (App)/Info.plist";
				INFOPLIST_KEY_CFBundleDisplayName = Soupcan;
				INFOPLIST_KEY_UIApplicationSupportsIndirectInputEvents = YES;
				INFOPLIST_KEY_UILaunchStoryboardName = LaunchScreen;
				INFOPLIST_KEY_UIMainStoryboardFile = Main;
				INFOPLIST_KEY_UISupportedInterfaceOrientations = "UIInterfaceOrientationPortrait UIInterfaceOrientationLandscapeLeft UIInterfaceOrientationLandscapeRight";
				INFOPLIST_KEY_UISupportedInterfaceOrientations_iPad = "UIInterfaceOrientationPortrait UIInterfaceOrientationPortraitUpsideDown UIInterfaceOrientationLandscapeLeft UIInterfaceOrientationLandscapeRight";
				IPHONEOS_DEPLOYMENT_TARGET = 15.0;
				LD_RUNPATH_SEARCH_PATHS = (
					"$(inherited)",
					"@executable_path/Frameworks",
				);
				MARKETING_VERSION = 0.12.3;
				OTHER_LDFLAGS = (
					"-framework",
					SafariServices,
					"-framework",
					WebKit,
				);
				PRODUCT_BUNDLE_IDENTIFIER = net.acrossthecloud.Soupcan;
				PRODUCT_NAME = Soupcan;
				SDKROOT = iphoneos;
				SWIFT_EMIT_LOC_STRINGS = YES;
				SWIFT_VERSION = 5.0;
				TARGETED_DEVICE_FAMILY = "1,2";
				VALIDATE_PRODUCT = YES;
			};
			name = Release;
		};
		34E62A702AFCABC9001BA022 /* Debug */ = {
			isa = XCBuildConfiguration;
			buildSettings = {
				CODE_SIGN_ENTITLEMENTS = "macOS (Extension)/Soupcan.entitlements";
				CODE_SIGN_STYLE = Automatic;
				CURRENT_PROJECT_VERSION = 1;
				DEVELOPMENT_TEAM = QDTZ75F9K4;
				ENABLE_HARDENED_RUNTIME = YES;
				GENERATE_INFOPLIST_FILE = YES;
				INFOPLIST_FILE = "macOS (Extension)/Info.plist";
				INFOPLIST_KEY_CFBundleDisplayName = "Soupcan Extension";
				INFOPLIST_KEY_NSHumanReadableCopyright = "";
				LD_RUNPATH_SEARCH_PATHS = (
					"$(inherited)",
					"@executable_path/../Frameworks",
					"@executable_path/../../../../Frameworks",
				);
				MACOSX_DEPLOYMENT_TARGET = 10.14;
				MARKETING_VERSION = 1.0;
				OTHER_LDFLAGS = (
					"-framework",
					SafariServices,
				);
				PRODUCT_BUNDLE_IDENTIFIER = net.acrossthecloud.Soupcan.SafariExtension;
				PRODUCT_NAME = "Soupcan Extension";
				SDKROOT = macosx;
				SKIP_INSTALL = YES;
				SWIFT_EMIT_LOC_STRINGS = YES;
				SWIFT_VERSION = 5.0;
			};
			name = Debug;
		};
		34E62A712AFCABC9001BA022 /* Release */ = {
			isa = XCBuildConfiguration;
			buildSettings = {
				CODE_SIGN_ENTITLEMENTS = "macOS (Extension)/Soupcan.entitlements";
				CODE_SIGN_STYLE = Automatic;
				CURRENT_PROJECT_VERSION = 1;
				DEVELOPMENT_TEAM = QDTZ75F9K4;
				ENABLE_HARDENED_RUNTIME = YES;
				GENERATE_INFOPLIST_FILE = YES;
				INFOPLIST_FILE = "macOS (Extension)/Info.plist";
				INFOPLIST_KEY_CFBundleDisplayName = "Soupcan Extension";
				INFOPLIST_KEY_NSHumanReadableCopyright = "";
				LD_RUNPATH_SEARCH_PATHS = (
					"$(inherited)",
					"@executable_path/../Frameworks",
					"@executable_path/../../../../Frameworks",
				);
				MACOSX_DEPLOYMENT_TARGET = 10.14;
				MARKETING_VERSION = 1.0;
				OTHER_LDFLAGS = (
					"-framework",
					SafariServices,
				);
				PRODUCT_BUNDLE_IDENTIFIER = net.acrossthecloud.Soupcan.SafariExtension;
				PRODUCT_NAME = "Soupcan Extension";
				SDKROOT = macosx;
				SKIP_INSTALL = YES;
				SWIFT_EMIT_LOC_STRINGS = YES;
				SWIFT_VERSION = 5.0;
			};
			name = Release;
		};
		34E62A742AFCABC9001BA022 /* Debug */ = {
			isa = XCBuildConfiguration;
			buildSettings = {
				ALWAYS_EMBED_SWIFT_STANDARD_LIBRARIES = YES;
				ASSETCATALOG_COMPILER_APPICON_NAME = AppIcon;
				ASSETCATALOG_COMPILER_GLOBAL_ACCENT_COLOR_NAME = AccentColor;
				CODE_SIGN_ENTITLEMENTS = "macOS (App)/Soupcan.entitlements";
				CODE_SIGN_STYLE = Automatic;
				CURRENT_PROJECT_VERSION = 1;
				DEVELOPMENT_TEAM = QDTZ75F9K4;
				ENABLE_HARDENED_RUNTIME = YES;
				GENERATE_INFOPLIST_FILE = YES;
				INFOPLIST_FILE = "macOS (App)/Info.plist";
				INFOPLIST_KEY_CFBundleDisplayName = Soupcan;
				INFOPLIST_KEY_NSMainStoryboardFile = Main;
				INFOPLIST_KEY_NSPrincipalClass = NSApplication;
				LD_RUNPATH_SEARCH_PATHS = (
					"$(inherited)",
					"@executable_path/../Frameworks",
				);
				MACOSX_DEPLOYMENT_TARGET = 10.14;
				MARKETING_VERSION = 0.12.3;
				OTHER_LDFLAGS = (
					"-framework",
					SafariServices,
					"-framework",
					WebKit,
				);
				PRODUCT_BUNDLE_IDENTIFIER = net.acrossthecloud.Soupcan;
				PRODUCT_NAME = Soupcan;
				SDKROOT = macosx;
				SWIFT_EMIT_LOC_STRINGS = YES;
				SWIFT_VERSION = 5.0;
			};
			name = Debug;
		};
		34E62A752AFCABC9001BA022 /* Release */ = {
			isa = XCBuildConfiguration;
			buildSettings = {
				ALWAYS_EMBED_SWIFT_STANDARD_LIBRARIES = YES;
				ASSETCATALOG_COMPILER_APPICON_NAME = AppIcon;
				ASSETCATALOG_COMPILER_GLOBAL_ACCENT_COLOR_NAME = AccentColor;
				CODE_SIGN_ENTITLEMENTS = "macOS (App)/Soupcan.entitlements";
				CODE_SIGN_STYLE = Automatic;
				CURRENT_PROJECT_VERSION = 1;
				DEVELOPMENT_TEAM = QDTZ75F9K4;
				ENABLE_HARDENED_RUNTIME = YES;
				GENERATE_INFOPLIST_FILE = YES;
				INFOPLIST_FILE = "macOS (App)/Info.plist";
				INFOPLIST_KEY_CFBundleDisplayName = Soupcan;
				INFOPLIST_KEY_NSMainStoryboardFile = Main;
				INFOPLIST_KEY_NSPrincipalClass = NSApplication;
				LD_RUNPATH_SEARCH_PATHS = (
					"$(inherited)",
					"@executable_path/../Frameworks",
				);
				MACOSX_DEPLOYMENT_TARGET = 10.14;
				MARKETING_VERSION = 0.12.3;
				OTHER_LDFLAGS = (
					"-framework",
					SafariServices,
					"-framework",
					WebKit,
				);
				PRODUCT_BUNDLE_IDENTIFIER = net.acrossthecloud.Soupcan;
				PRODUCT_NAME = Soupcan;
				SDKROOT = macosx;
				SWIFT_EMIT_LOC_STRINGS = YES;
				SWIFT_VERSION = 5.0;
			};
			name = Release;
		};
/* End XCBuildConfiguration section */

/* Begin XCConfigurationList section */
		34E62A182AFCABC8001BA022 /* Build configuration list for PBXProject "Soupcan" */ = {
			isa = XCConfigurationList;
			buildConfigurations = (
				34E62A662AFCABC9001BA022 /* Debug */,
				34E62A672AFCABC9001BA022 /* Release */,
			);
			defaultConfigurationIsVisible = 0;
			defaultConfigurationName = Release;
		};
		34E62A682AFCABC9001BA022 /* Build configuration list for PBXNativeTarget "Soupcan Extension (iOS)" */ = {
			isa = XCConfigurationList;
			buildConfigurations = (
				34E62A692AFCABC9001BA022 /* Debug */,
				34E62A6A2AFCABC9001BA022 /* Release */,
			);
			defaultConfigurationIsVisible = 0;
			defaultConfigurationName = Release;
		};
		34E62A6C2AFCABC9001BA022 /* Build configuration list for PBXNativeTarget "Soupcan (iOS)" */ = {
			isa = XCConfigurationList;
			buildConfigurations = (
				34E62A6D2AFCABC9001BA022 /* Debug */,
				34E62A6E2AFCABC9001BA022 /* Release */,
			);
			defaultConfigurationIsVisible = 0;
			defaultConfigurationName = Release;
		};
		34E62A6F2AFCABC9001BA022 /* Build configuration list for PBXNativeTarget "Soupcan Extension (macOS)" */ = {
			isa = XCConfigurationList;
			buildConfigurations = (
				34E62A702AFCABC9001BA022 /* Debug */,
				34E62A712AFCABC9001BA022 /* Release */,
			);
			defaultConfigurationIsVisible = 0;
			defaultConfigurationName = Release;
		};
		34E62A732AFCABC9001BA022 /* Build configuration list for PBXNativeTarget "Soupcan (macOS)" */ = {
			isa = XCConfigurationList;
			buildConfigurations = (
				34E62A742AFCABC9001BA022 /* Debug */,
				34E62A752AFCABC9001BA022 /* Release */,
			);
			defaultConfigurationIsVisible = 0;
			defaultConfigurationName = Release;
		};
/* End XCConfigurationList section */
	};
	rootObject = 34E62A152AFCABC8001BA022 /* Project object */;
}
